// !$*UTF8*$!
{
	archiveVersion = 1;
	classes = {
	};
	objectVersion = 54;
	objects = {

/* Begin PBXBuildFile section */
		97C32D0A2990F0096777344D /* Pods_BlackstarShopMVP.framework in Frameworks */ = {isa = PBXBuildFile; fileRef = 9537D0EA063E6250A8F03592 /* Pods_BlackstarShopMVP.framework */; };
		AC37481B280151AF00EA3677 /* DBBasketService.swift in Sources */ = {isa = PBXBuildFile; fileRef = AC37481A280151AF00EA3677 /* DBBasketService.swift */; };
		AC5E691826811DD100408DB4 /* ProductListScenePresenter.swift in Sources */ = {isa = PBXBuildFile; fileRef = AC5E691126811DD100408DB4 /* ProductListScenePresenter.swift */; };
		AC5E691926811DD100408DB4 /* ProductListSceneWorker.swift in Sources */ = {isa = PBXBuildFile; fileRef = AC5E691226811DD100408DB4 /* ProductListSceneWorker.swift */; };
		AC5E691A26811DD100408DB4 /* ProductListSceneRouter.swift in Sources */ = {isa = PBXBuildFile; fileRef = AC5E691326811DD100408DB4 /* ProductListSceneRouter.swift */; };
		AC5E691B26811DD100408DB4 /* ProductListSceneModels.swift in Sources */ = {isa = PBXBuildFile; fileRef = AC5E691426811DD100408DB4 /* ProductListSceneModels.swift */; };
		AC5E691C26811DD100408DB4 /* ProductListSceneViewController.swift in Sources */ = {isa = PBXBuildFile; fileRef = AC5E691526811DD100408DB4 /* ProductListSceneViewController.swift */; };
		AC5E691D26811DD100408DB4 /* ProductListSceneInteractor.swift in Sources */ = {isa = PBXBuildFile; fileRef = AC5E691626811DD100408DB4 /* ProductListSceneInteractor.swift */; };
		AC5E691E26811DD100408DB4 /* ProductListSceneViewController.xib in Resources */ = {isa = PBXBuildFile; fileRef = AC5E691726811DD100408DB4 /* ProductListSceneViewController.xib */; };
		AC5E6922268122DD00408DB4 /* ProductCell.swift in Sources */ = {isa = PBXBuildFile; fileRef = AC5E6920268122DD00408DB4 /* ProductCell.swift */; };
		AC5E6923268122DD00408DB4 /* ProductCell.xib in Resources */ = {isa = PBXBuildFile; fileRef = AC5E6921268122DD00408DB4 /* ProductCell.xib */; };
		AC69FAEE2688AD79007A931C /* ProductInfo.swift in Sources */ = {isa = PBXBuildFile; fileRef = AC69FAED2688AD79007A931C /* ProductInfo.swift */; };
		AC6D030B26612FD600AFC274 /* Screens.swift in Sources */ = {isa = PBXBuildFile; fileRef = AC6D030A26612FD600AFC274 /* Screens.swift */; };
		AC6D030D2661312B00AFC274 /* ScenesFactory.swift in Sources */ = {isa = PBXBuildFile; fileRef = AC6D030C2661312B00AFC274 /* ScenesFactory.swift */; };
		AC6D030F2661326100AFC274 /* UIViewController.swift in Sources */ = {isa = PBXBuildFile; fileRef = AC6D030E2661326100AFC274 /* UIViewController.swift */; };
		AC6D03112661336400AFC274 /* ScenesFactoryImpl.swift in Sources */ = {isa = PBXBuildFile; fileRef = AC6D03102661336400AFC274 /* ScenesFactoryImpl.swift */; };
		AC6E8D1E266014F7007EA6A9 /* UIImage.swift in Sources */ = {isa = PBXBuildFile; fileRef = AC6E8D1D266014F5007EA6A9 /* UIImage.swift */; };
		AC8E6EA6264E7CA3009A2A20 /* AppDelegate.swift in Sources */ = {isa = PBXBuildFile; fileRef = AC8E6EA5264E7CA3009A2A20 /* AppDelegate.swift */; };
		AC8E6EA8264E7CA3009A2A20 /* SceneDelegate.swift in Sources */ = {isa = PBXBuildFile; fileRef = AC8E6EA7264E7CA3009A2A20 /* SceneDelegate.swift */; };
		AC8E6EAA264E7CA3009A2A20 /* ViewController.swift in Sources */ = {isa = PBXBuildFile; fileRef = AC8E6EA9264E7CA3009A2A20 /* ViewController.swift */; };
		AC8E6EAD264E7CA3009A2A20 /* Main.storyboard in Resources */ = {isa = PBXBuildFile; fileRef = AC8E6EAB264E7CA3009A2A20 /* Main.storyboard */; };
		AC8E6EAF264E7CA5009A2A20 /* Assets.xcassets in Resources */ = {isa = PBXBuildFile; fileRef = AC8E6EAE264E7CA5009A2A20 /* Assets.xcassets */; };
		AC8E6EB2264E7CA5009A2A20 /* LaunchScreen.storyboard in Resources */ = {isa = PBXBuildFile; fileRef = AC8E6EB0264E7CA5009A2A20 /* LaunchScreen.storyboard */; };
		AC930B0326514E1600DE5B2D /* MainTabBarController.swift in Sources */ = {isa = PBXBuildFile; fileRef = AC930B0226514E1600DE5B2D /* MainTabBarController.swift */; };
		AC930B0F2652CBF200DE5B2D /* R.generated.swift in Sources */ = {isa = PBXBuildFile; fileRef = AC930B0E2652CBF200DE5B2D /* R.generated.swift */; };
		AC930B2D2653ADFA00DE5B2D /* CategoryScenePresenter.swift in Sources */ = {isa = PBXBuildFile; fileRef = AC930B262653ADFA00DE5B2D /* CategoryScenePresenter.swift */; };
		AC930B2E2653ADFA00DE5B2D /* CategorySceneWorker.swift in Sources */ = {isa = PBXBuildFile; fileRef = AC930B272653ADFA00DE5B2D /* CategorySceneWorker.swift */; };
		AC930B2F2653ADFA00DE5B2D /* CategorySceneRouter.swift in Sources */ = {isa = PBXBuildFile; fileRef = AC930B282653ADFA00DE5B2D /* CategorySceneRouter.swift */; };
		AC930B302653ADFA00DE5B2D /* CategorySceneModels.swift in Sources */ = {isa = PBXBuildFile; fileRef = AC930B292653ADFA00DE5B2D /* CategorySceneModels.swift */; };
		AC930B312653ADFA00DE5B2D /* CategorySceneViewController.swift in Sources */ = {isa = PBXBuildFile; fileRef = AC930B2A2653ADFA00DE5B2D /* CategorySceneViewController.swift */; };
		AC930B322653ADFA00DE5B2D /* CategorySceneInteractor.swift in Sources */ = {isa = PBXBuildFile; fileRef = AC930B2B2653ADFA00DE5B2D /* CategorySceneInteractor.swift */; };
		AC930B332653ADFA00DE5B2D /* CategorySceneViewController.xib in Resources */ = {isa = PBXBuildFile; fileRef = AC930B2C2653ADFA00DE5B2D /* CategorySceneViewController.xib */; };
		AC930B392653F55600DE5B2D /* CategoryCell.swift in Sources */ = {isa = PBXBuildFile; fileRef = AC930B372653F55600DE5B2D /* CategoryCell.swift */; };
		AC930B3A2653F55600DE5B2D /* CategoryCell.xib in Resources */ = {isa = PBXBuildFile; fileRef = AC930B382653F55600DE5B2D /* CategoryCell.xib */; };
		AC930B432655164100DE5B2D /* SF-Pro-Display-Medium.otf in Resources */ = {isa = PBXBuildFile; fileRef = AC930B3C2655164000DE5B2D /* SF-Pro-Display-Medium.otf */; };
		AC930B442655164100DE5B2D /* SF-Pro-Display-Bold.otf in Resources */ = {isa = PBXBuildFile; fileRef = AC930B3D2655164000DE5B2D /* SF-Pro-Display-Bold.otf */; };
		AC930B452655164100DE5B2D /* SF-Pro-Display-Semibold.otf in Resources */ = {isa = PBXBuildFile; fileRef = AC930B3E2655164000DE5B2D /* SF-Pro-Display-Semibold.otf */; };
		AC930B462655164100DE5B2D /* SF-Pro-Display-Regular.otf in Resources */ = {isa = PBXBuildFile; fileRef = AC930B3F2655164000DE5B2D /* SF-Pro-Display-Regular.otf */; };
		AC930B472655164100DE5B2D /* SF-Pro-Text-Light.otf in Resources */ = {isa = PBXBuildFile; fileRef = AC930B402655164100DE5B2D /* SF-Pro-Text-Light.otf */; };
		AC930B482655164100DE5B2D /* SF-Pro-Text-Semibold.otf in Resources */ = {isa = PBXBuildFile; fileRef = AC930B412655164100DE5B2D /* SF-Pro-Text-Semibold.otf */; };
		AC930B492655164100DE5B2D /* SF-Pro-Text-Regular.otf in Resources */ = {isa = PBXBuildFile; fileRef = AC930B422655164100DE5B2D /* SF-Pro-Text-Regular.otf */; };
		AC930B4C265521E400DE5B2D /* UIImageView.swift in Sources */ = {isa = PBXBuildFile; fileRef = AC930B4B265521E400DE5B2D /* UIImageView.swift */; };
		AC953A33265977040077BBE6 /* SubcategoryInfo.swift in Sources */ = {isa = PBXBuildFile; fileRef = AC953A32265977040077BBE6 /* SubcategoryInfo.swift */; };
		AC953A3F265AD08E0077BBE6 /* NetworkConst.swift in Sources */ = {isa = PBXBuildFile; fileRef = AC953A3E265AD08E0077BBE6 /* NetworkConst.swift */; };
		AC96C4DD27CBB6080027F59A /* DatabaseManager.swift in Sources */ = {isa = PBXBuildFile; fileRef = AC96C4DC27CBB6080027F59A /* DatabaseManager.swift */; };
		AC9C1DB227C5E7AA0041EFE3 /* NSAttributedString.swift in Sources */ = {isa = PBXBuildFile; fileRef = AC9C1DB127C5E7AA0041EFE3 /* NSAttributedString.swift */; };
		ACA0839B27FA1C6F004F61EB /* DomainConvertibleType.swift in Sources */ = {isa = PBXBuildFile; fileRef = ACA0839A27FA1C6F004F61EB /* DomainConvertibleType.swift */; };
		ACA0839D27FA1C80004F61EB /* RealmRepresentable.swift in Sources */ = {isa = PBXBuildFile; fileRef = ACA0839C27FA1C80004F61EB /* RealmRepresentable.swift */; };
		ACA0839F27FA248D004F61EB /* DomainDatabaseChange.swift in Sources */ = {isa = PBXBuildFile; fileRef = ACA0839E27FA248D004F61EB /* DomainDatabaseChange.swift */; };
		ACA083A827FCB95F004F61EB /* BasketScenePresenter.swift in Sources */ = {isa = PBXBuildFile; fileRef = ACA083A127FCB95F004F61EB /* BasketScenePresenter.swift */; };
		ACA083A927FCB95F004F61EB /* BasketSceneWorker.swift in Sources */ = {isa = PBXBuildFile; fileRef = ACA083A227FCB95F004F61EB /* BasketSceneWorker.swift */; };
		ACA083AA27FCB95F004F61EB /* BasketSceneRouter.swift in Sources */ = {isa = PBXBuildFile; fileRef = ACA083A327FCB95F004F61EB /* BasketSceneRouter.swift */; };
		ACA083AB27FCB95F004F61EB /* BasketSceneModels.swift in Sources */ = {isa = PBXBuildFile; fileRef = ACA083A427FCB95F004F61EB /* BasketSceneModels.swift */; };
		ACA083AC27FCB95F004F61EB /* BasketSceneViewController.swift in Sources */ = {isa = PBXBuildFile; fileRef = ACA083A527FCB95F004F61EB /* BasketSceneViewController.swift */; };
		ACA083AD27FCB95F004F61EB /* BasketSceneInteractor.swift in Sources */ = {isa = PBXBuildFile; fileRef = ACA083A627FCB95F004F61EB /* BasketSceneInteractor.swift */; };
		ACA083AE27FCB95F004F61EB /* BasketSceneViewController.xib in Resources */ = {isa = PBXBuildFile; fileRef = ACA083A727FCB95F004F61EB /* BasketSceneViewController.xib */; };
		ACA083B227FCBED9004F61EB /* BasketCell.swift in Sources */ = {isa = PBXBuildFile; fileRef = ACA083B027FCBED9004F61EB /* BasketCell.swift */; };
		ACA083B327FCBED9004F61EB /* BasketCell.xib in Resources */ = {isa = PBXBuildFile; fileRef = ACA083B127FCBED9004F61EB /* BasketCell.xib */; };
		ACA083B5280133E3004F61EB /* BasketItem.swift in Sources */ = {isa = PBXBuildFile; fileRef = ACA083B4280133E3004F61EB /* BasketItem.swift */; };
		ACA083B8280138C5004F61EB /* DBBasketItem.swift in Sources */ = {isa = PBXBuildFile; fileRef = ACA083B7280138C5004F61EB /* DBBasketItem.swift */; };
		ACA083BA28014019004F61EB /* ObjectExtension.swift in Sources */ = {isa = PBXBuildFile; fileRef = ACA083B928014019004F61EB /* ObjectExtension.swift */; };
		ACB4ED6627A6E70100AAC997 /* ProductScenePresenter.swift in Sources */ = {isa = PBXBuildFile; fileRef = ACB4ED5F27A6E70100AAC997 /* ProductScenePresenter.swift */; };
		ACB4ED6727A6E70100AAC997 /* ProductSceneWorker.swift in Sources */ = {isa = PBXBuildFile; fileRef = ACB4ED6027A6E70100AAC997 /* ProductSceneWorker.swift */; };
		ACB4ED6827A6E70100AAC997 /* ProductSceneRouter.swift in Sources */ = {isa = PBXBuildFile; fileRef = ACB4ED6127A6E70100AAC997 /* ProductSceneRouter.swift */; };
		ACB4ED6927A6E70100AAC997 /* ProductSceneModels.swift in Sources */ = {isa = PBXBuildFile; fileRef = ACB4ED6227A6E70100AAC997 /* ProductSceneModels.swift */; };
		ACB4ED6A27A6E70100AAC997 /* ProductSceneViewController.swift in Sources */ = {isa = PBXBuildFile; fileRef = ACB4ED6327A6E70100AAC997 /* ProductSceneViewController.swift */; };
		ACB4ED6B27A6E70100AAC997 /* ProductSceneInteractor.swift in Sources */ = {isa = PBXBuildFile; fileRef = ACB4ED6427A6E70100AAC997 /* ProductSceneInteractor.swift */; };
		ACB4ED7127A9A5C600AAC997 /* ProductSceneViewController.xib in Resources */ = {isa = PBXBuildFile; fileRef = ACB4ED6F27A9A5C600AAC997 /* ProductSceneViewController.xib */; };
		ACB4ED7427B00F6200AAC997 /* ImageHorizontalCollectionView.swift in Sources */ = {isa = PBXBuildFile; fileRef = ACB4ED7327B00F6200AAC997 /* ImageHorizontalCollectionView.swift */; };
		ACB4ED7627B00F8800AAC997 /*  ImageHorizontalCollectionView.xib in Resources */ = {isa = PBXBuildFile; fileRef = ACB4ED7527B00F8800AAC997 /*  ImageHorizontalCollectionView.xib */; };
		ACB4ED7927B0128300AAC997 /* ImageHorizontalCollectionCell.swift in Sources */ = {isa = PBXBuildFile; fileRef = ACB4ED7727B0128300AAC997 /* ImageHorizontalCollectionCell.swift */; };
		ACB4ED7A27B0128300AAC997 /* ImageHorizontalCollectionCell.xib in Resources */ = {isa = PBXBuildFile; fileRef = ACB4ED7827B0128300AAC997 /* ImageHorizontalCollectionCell.xib */; };
		ACB4ED7E27B01AB300AAC997 /* DownloadImagesService.swift in Sources */ = {isa = PBXBuildFile; fileRef = ACB4ED7D27B01AB300AAC997 /* DownloadImagesService.swift */; };
		ACB4ED8027B043A800AAC997 /* Collection.swift in Sources */ = {isa = PBXBuildFile; fileRef = ACB4ED7F27B043A800AAC997 /* Collection.swift */; };
		ACD82D5F26825A71007E451D /* Localizable.strings in Resources */ = {isa = PBXBuildFile; fileRef = ACD82D5E26825A71007E451D /* Localizable.strings */; };
		ACE4518C27B6D13200CDAFD6 /* NetworkLogger.swift in Sources */ = {isa = PBXBuildFile; fileRef = ACE4518B27B6D13200CDAFD6 /* NetworkLogger.swift */; };
		ACE8C2E927BC2CB900AC8319 /* Formatter.swift in Sources */ = {isa = PBXBuildFile; fileRef = ACE8C2E827BC2CB900AC8319 /* Formatter.swift */; };
		ACE8C2EB27BC2D0500AC8319 /* Numeric.swift in Sources */ = {isa = PBXBuildFile; fileRef = ACE8C2EA27BC2D0500AC8319 /* Numeric.swift */; };
		ACE8C2ED27BEC48B00AC8319 /* String.swift in Sources */ = {isa = PBXBuildFile; fileRef = ACE8C2EC27BEC48B00AC8319 /* String.swift */; };
		ACE8C2F627C2375900AC8319 /* ActionSheetCell.xib in Resources */ = {isa = PBXBuildFile; fileRef = ACE8C2EF27C2375800AC8319 /* ActionSheetCell.xib */; };
		ACE8C2F727C2375900AC8319 /* ActionSheetHeaderView.xib in Resources */ = {isa = PBXBuildFile; fileRef = ACE8C2F027C2375800AC8319 /* ActionSheetHeaderView.xib */; };
		ACE8C2F827C2375900AC8319 /* ShadowActionSheetController.swift in Sources */ = {isa = PBXBuildFile; fileRef = ACE8C2F127C2375800AC8319 /* ShadowActionSheetController.swift */; };
		ACE8C2F927C2375900AC8319 /* ShadowActionSheet.swift in Sources */ = {isa = PBXBuildFile; fileRef = ACE8C2F227C2375800AC8319 /* ShadowActionSheet.swift */; };
		ACE8C2FA27C2375900AC8319 /* ActionSheetCell.swift in Sources */ = {isa = PBXBuildFile; fileRef = ACE8C2F327C2375800AC8319 /* ActionSheetCell.swift */; };
		ACE8C2FB27C2375900AC8319 /* ActionSheetHeaderView.swift in Sources */ = {isa = PBXBuildFile; fileRef = ACE8C2F427C2375800AC8319 /* ActionSheetHeaderView.swift */; };
		ACE8C2FC27C2375900AC8319 /* ShadowActionSheetController.xib in Resources */ = {isa = PBXBuildFile; fileRef = ACE8C2F527C2375900AC8319 /* ShadowActionSheetController.xib */; };
		ACE8C2FE27C2388300AC8319 /* PanDirectionGestureRecognizer.swift in Sources */ = {isa = PBXBuildFile; fileRef = ACE8C2FD27C2388300AC8319 /* PanDirectionGestureRecognizer.swift */; };
		ACE8C30027C2393200AC8319 /* AlphaTransition.swift in Sources */ = {isa = PBXBuildFile; fileRef = ACE8C2FF27C2393200AC8319 /* AlphaTransition.swift */; };
		ACE8C30227C239AA00AC8319 /* UIView.swift in Sources */ = {isa = PBXBuildFile; fileRef = ACE8C30127C239AA00AC8319 /* UIView.swift */; };
		ACE8C30427C23C6B00AC8319 /* UITableView.swift in Sources */ = {isa = PBXBuildFile; fileRef = ACE8C30327C23C6B00AC8319 /* UITableView.swift */; };
		ACE8C30A27C24EC900AC8319 /* SheetActionService.swift in Sources */ = {isa = PBXBuildFile; fileRef = ACE8C30927C24EC900AC8319 /* SheetActionService.swift */; };
		ACE8C30C27C2522C00AC8319 /* ShadowSheetInfo.swift in Sources */ = {isa = PBXBuildFile; fileRef = ACE8C30B27C2522C00AC8319 /* ShadowSheetInfo.swift */; };
		ACE8C31127C4080700AC8319 /* BackButtonView.swift in Sources */ = {isa = PBXBuildFile; fileRef = ACE8C31027C4080700AC8319 /* BackButtonView.swift */; };
		ACE8C31427C55D7A00AC8319 /* BasketButtonView.swift in Sources */ = {isa = PBXBuildFile; fileRef = ACE8C31327C55D7A00AC8319 /* BasketButtonView.swift */; };
		ACE9587327EA4CF700B792DD /* DatabaseChange.swift in Sources */ = {isa = PBXBuildFile; fileRef = ACE9587227EA4CF700B792DD /* DatabaseChange.swift */; };
		ACEA54DA27B18AAF00EDA565 /* ProductItem.swift in Sources */ = {isa = PBXBuildFile; fileRef = ACEA54D927B18AAF00EDA565 /* ProductItem.swift */; };
		ACEA54DC27B2E60F00EDA565 /* Array.swift in Sources */ = {isa = PBXBuildFile; fileRef = ACEA54DB27B2E60F00EDA565 /* Array.swift */; };
		ACF51376265698D700911885 /* NetworkService.swift in Sources */ = {isa = PBXBuildFile; fileRef = ACF51375265698D700911885 /* NetworkService.swift */; };
		ACF5137826569AE200911885 /* NetworkServiceImpl.swift in Sources */ = {isa = PBXBuildFile; fileRef = ACF5137726569AE200911885 /* NetworkServiceImpl.swift */; };
		ACF5137C2656A2DC00911885 /* NetworkError.swift in Sources */ = {isa = PBXBuildFile; fileRef = ACF5137B2656A2DC00911885 /* NetworkError.swift */; };
		ACF5137E2656CB4A00911885 /* EndPoint.swift in Sources */ = {isa = PBXBuildFile; fileRef = ACF5137D2656CB4A00911885 /* EndPoint.swift */; };
		ACF513812656D94600911885 /* CategoryInfo.swift in Sources */ = {isa = PBXBuildFile; fileRef = ACF513802656D94600911885 /* CategoryInfo.swift */; };
/* End PBXBuildFile section */

/* Begin PBXFileReference section */
		0971335D2A972317A2CD3CFC /* Pods-BlackstarShopMVP.release.xcconfig */ = {isa = PBXFileReference; includeInIndex = 1; lastKnownFileType = text.xcconfig; name = "Pods-BlackstarShopMVP.release.xcconfig"; path = "Target Support Files/Pods-BlackstarShopMVP/Pods-BlackstarShopMVP.release.xcconfig"; sourceTree = "<group>"; };
		0DFBA5A35104DAD62A86EB28 /* Pods-BlackstarShopMVP.debug.xcconfig */ = {isa = PBXFileReference; includeInIndex = 1; lastKnownFileType = text.xcconfig; name = "Pods-BlackstarShopMVP.debug.xcconfig"; path = "Target Support Files/Pods-BlackstarShopMVP/Pods-BlackstarShopMVP.debug.xcconfig"; sourceTree = "<group>"; };
		9537D0EA063E6250A8F03592 /* Pods_BlackstarShopMVP.framework */ = {isa = PBXFileReference; explicitFileType = wrapper.framework; includeInIndex = 0; path = Pods_BlackstarShopMVP.framework; sourceTree = BUILT_PRODUCTS_DIR; };
		AC37481A280151AF00EA3677 /* DBBasketService.swift */ = {isa = PBXFileReference; lastKnownFileType = sourcecode.swift; path = DBBasketService.swift; sourceTree = "<group>"; };
		AC5E691126811DD100408DB4 /* ProductListScenePresenter.swift */ = {isa = PBXFileReference; lastKnownFileType = sourcecode.swift; path = ProductListScenePresenter.swift; sourceTree = "<group>"; };
		AC5E691226811DD100408DB4 /* ProductListSceneWorker.swift */ = {isa = PBXFileReference; lastKnownFileType = sourcecode.swift; path = ProductListSceneWorker.swift; sourceTree = "<group>"; };
		AC5E691326811DD100408DB4 /* ProductListSceneRouter.swift */ = {isa = PBXFileReference; lastKnownFileType = sourcecode.swift; path = ProductListSceneRouter.swift; sourceTree = "<group>"; };
		AC5E691426811DD100408DB4 /* ProductListSceneModels.swift */ = {isa = PBXFileReference; lastKnownFileType = sourcecode.swift; path = ProductListSceneModels.swift; sourceTree = "<group>"; };
		AC5E691526811DD100408DB4 /* ProductListSceneViewController.swift */ = {isa = PBXFileReference; lastKnownFileType = sourcecode.swift; path = ProductListSceneViewController.swift; sourceTree = "<group>"; };
		AC5E691626811DD100408DB4 /* ProductListSceneInteractor.swift */ = {isa = PBXFileReference; lastKnownFileType = sourcecode.swift; path = ProductListSceneInteractor.swift; sourceTree = "<group>"; };
		AC5E691726811DD100408DB4 /* ProductListSceneViewController.xib */ = {isa = PBXFileReference; lastKnownFileType = file.xib; path = ProductListSceneViewController.xib; sourceTree = "<group>"; };
		AC5E6920268122DD00408DB4 /* ProductCell.swift */ = {isa = PBXFileReference; lastKnownFileType = sourcecode.swift; path = ProductCell.swift; sourceTree = "<group>"; };
		AC5E6921268122DD00408DB4 /* ProductCell.xib */ = {isa = PBXFileReference; lastKnownFileType = file.xib; path = ProductCell.xib; sourceTree = "<group>"; };
		AC69FAED2688AD79007A931C /* ProductInfo.swift */ = {isa = PBXFileReference; lastKnownFileType = sourcecode.swift; path = ProductInfo.swift; sourceTree = "<group>"; };
		AC6D030A26612FD600AFC274 /* Screens.swift */ = {isa = PBXFileReference; lastKnownFileType = sourcecode.swift; path = Screens.swift; sourceTree = "<group>"; };
		AC6D030C2661312B00AFC274 /* ScenesFactory.swift */ = {isa = PBXFileReference; lastKnownFileType = sourcecode.swift; path = ScenesFactory.swift; sourceTree = "<group>"; };
		AC6D030E2661326100AFC274 /* UIViewController.swift */ = {isa = PBXFileReference; lastKnownFileType = sourcecode.swift; path = UIViewController.swift; sourceTree = "<group>"; };
		AC6D03102661336400AFC274 /* ScenesFactoryImpl.swift */ = {isa = PBXFileReference; lastKnownFileType = sourcecode.swift; path = ScenesFactoryImpl.swift; sourceTree = "<group>"; };
		AC6E8D1D266014F5007EA6A9 /* UIImage.swift */ = {isa = PBXFileReference; lastKnownFileType = sourcecode.swift; path = UIImage.swift; sourceTree = "<group>"; };
		AC8E6EA2264E7CA3009A2A20 /* BlackstarShopMVP.app */ = {isa = PBXFileReference; explicitFileType = wrapper.application; includeInIndex = 0; path = BlackstarShopMVP.app; sourceTree = BUILT_PRODUCTS_DIR; };
		AC8E6EA5264E7CA3009A2A20 /* AppDelegate.swift */ = {isa = PBXFileReference; lastKnownFileType = sourcecode.swift; path = AppDelegate.swift; sourceTree = "<group>"; };
		AC8E6EA7264E7CA3009A2A20 /* SceneDelegate.swift */ = {isa = PBXFileReference; lastKnownFileType = sourcecode.swift; path = SceneDelegate.swift; sourceTree = "<group>"; };
		AC8E6EA9264E7CA3009A2A20 /* ViewController.swift */ = {isa = PBXFileReference; lastKnownFileType = sourcecode.swift; path = ViewController.swift; sourceTree = "<group>"; };
		AC8E6EAC264E7CA3009A2A20 /* Base */ = {isa = PBXFileReference; lastKnownFileType = file.storyboard; name = Base; path = Base.lproj/Main.storyboard; sourceTree = "<group>"; };
		AC8E6EAE264E7CA5009A2A20 /* Assets.xcassets */ = {isa = PBXFileReference; lastKnownFileType = folder.assetcatalog; path = Assets.xcassets; sourceTree = "<group>"; };
		AC8E6EB1264E7CA5009A2A20 /* Base */ = {isa = PBXFileReference; lastKnownFileType = file.storyboard; name = Base; path = Base.lproj/LaunchScreen.storyboard; sourceTree = "<group>"; };
		AC8E6EB3264E7CA5009A2A20 /* Info.plist */ = {isa = PBXFileReference; lastKnownFileType = text.plist.xml; path = Info.plist; sourceTree = "<group>"; };
		AC930B0226514E1600DE5B2D /* MainTabBarController.swift */ = {isa = PBXFileReference; lastKnownFileType = sourcecode.swift; path = MainTabBarController.swift; sourceTree = "<group>"; };
		AC930B0E2652CBF200DE5B2D /* R.generated.swift */ = {isa = PBXFileReference; fileEncoding = 4; lastKnownFileType = sourcecode.swift; path = R.generated.swift; sourceTree = "<group>"; };
		AC930B262653ADFA00DE5B2D /* CategoryScenePresenter.swift */ = {isa = PBXFileReference; lastKnownFileType = sourcecode.swift; path = CategoryScenePresenter.swift; sourceTree = "<group>"; };
		AC930B272653ADFA00DE5B2D /* CategorySceneWorker.swift */ = {isa = PBXFileReference; lastKnownFileType = sourcecode.swift; path = CategorySceneWorker.swift; sourceTree = "<group>"; };
		AC930B282653ADFA00DE5B2D /* CategorySceneRouter.swift */ = {isa = PBXFileReference; lastKnownFileType = sourcecode.swift; path = CategorySceneRouter.swift; sourceTree = "<group>"; };
		AC930B292653ADFA00DE5B2D /* CategorySceneModels.swift */ = {isa = PBXFileReference; lastKnownFileType = sourcecode.swift; path = CategorySceneModels.swift; sourceTree = "<group>"; };
		AC930B2A2653ADFA00DE5B2D /* CategorySceneViewController.swift */ = {isa = PBXFileReference; lastKnownFileType = sourcecode.swift; path = CategorySceneViewController.swift; sourceTree = "<group>"; };
		AC930B2B2653ADFA00DE5B2D /* CategorySceneInteractor.swift */ = {isa = PBXFileReference; lastKnownFileType = sourcecode.swift; path = CategorySceneInteractor.swift; sourceTree = "<group>"; };
		AC930B2C2653ADFA00DE5B2D /* CategorySceneViewController.xib */ = {isa = PBXFileReference; lastKnownFileType = file.xib; path = CategorySceneViewController.xib; sourceTree = "<group>"; };
		AC930B372653F55600DE5B2D /* CategoryCell.swift */ = {isa = PBXFileReference; lastKnownFileType = sourcecode.swift; path = CategoryCell.swift; sourceTree = "<group>"; };
		AC930B382653F55600DE5B2D /* CategoryCell.xib */ = {isa = PBXFileReference; lastKnownFileType = file.xib; path = CategoryCell.xib; sourceTree = "<group>"; };
		AC930B3C2655164000DE5B2D /* SF-Pro-Display-Medium.otf */ = {isa = PBXFileReference; lastKnownFileType = file; path = "SF-Pro-Display-Medium.otf"; sourceTree = "<group>"; };
		AC930B3D2655164000DE5B2D /* SF-Pro-Display-Bold.otf */ = {isa = PBXFileReference; lastKnownFileType = file; path = "SF-Pro-Display-Bold.otf"; sourceTree = "<group>"; };
		AC930B3E2655164000DE5B2D /* SF-Pro-Display-Semibold.otf */ = {isa = PBXFileReference; lastKnownFileType = file; path = "SF-Pro-Display-Semibold.otf"; sourceTree = "<group>"; };
		AC930B3F2655164000DE5B2D /* SF-Pro-Display-Regular.otf */ = {isa = PBXFileReference; lastKnownFileType = file; path = "SF-Pro-Display-Regular.otf"; sourceTree = "<group>"; };
		AC930B402655164100DE5B2D /* SF-Pro-Text-Light.otf */ = {isa = PBXFileReference; lastKnownFileType = file; path = "SF-Pro-Text-Light.otf"; sourceTree = "<group>"; };
		AC930B412655164100DE5B2D /* SF-Pro-Text-Semibold.otf */ = {isa = PBXFileReference; lastKnownFileType = file; path = "SF-Pro-Text-Semibold.otf"; sourceTree = "<group>"; };
		AC930B422655164100DE5B2D /* SF-Pro-Text-Regular.otf */ = {isa = PBXFileReference; lastKnownFileType = file; path = "SF-Pro-Text-Regular.otf"; sourceTree = "<group>"; };
		AC930B4B265521E400DE5B2D /* UIImageView.swift */ = {isa = PBXFileReference; lastKnownFileType = sourcecode.swift; path = UIImageView.swift; sourceTree = "<group>"; };
		AC953A32265977040077BBE6 /* SubcategoryInfo.swift */ = {isa = PBXFileReference; lastKnownFileType = sourcecode.swift; path = SubcategoryInfo.swift; sourceTree = "<group>"; };
		AC953A3E265AD08E0077BBE6 /* NetworkConst.swift */ = {isa = PBXFileReference; lastKnownFileType = sourcecode.swift; path = NetworkConst.swift; sourceTree = "<group>"; };
		AC96C4DC27CBB6080027F59A /* DatabaseManager.swift */ = {isa = PBXFileReference; lastKnownFileType = sourcecode.swift; path = DatabaseManager.swift; sourceTree = "<group>"; };
		AC9C1DB127C5E7AA0041EFE3 /* NSAttributedString.swift */ = {isa = PBXFileReference; lastKnownFileType = sourcecode.swift; path = NSAttributedString.swift; sourceTree = "<group>"; };
		ACA0839A27FA1C6F004F61EB /* DomainConvertibleType.swift */ = {isa = PBXFileReference; lastKnownFileType = sourcecode.swift; path = DomainConvertibleType.swift; sourceTree = "<group>"; };
		ACA0839C27FA1C80004F61EB /* RealmRepresentable.swift */ = {isa = PBXFileReference; lastKnownFileType = sourcecode.swift; path = RealmRepresentable.swift; sourceTree = "<group>"; };
		ACA0839E27FA248D004F61EB /* DomainDatabaseChange.swift */ = {isa = PBXFileReference; lastKnownFileType = sourcecode.swift; path = DomainDatabaseChange.swift; sourceTree = "<group>"; };
		ACA083A127FCB95F004F61EB /* BasketScenePresenter.swift */ = {isa = PBXFileReference; lastKnownFileType = sourcecode.swift; path = BasketScenePresenter.swift; sourceTree = "<group>"; };
		ACA083A227FCB95F004F61EB /* BasketSceneWorker.swift */ = {isa = PBXFileReference; lastKnownFileType = sourcecode.swift; path = BasketSceneWorker.swift; sourceTree = "<group>"; };
		ACA083A327FCB95F004F61EB /* BasketSceneRouter.swift */ = {isa = PBXFileReference; lastKnownFileType = sourcecode.swift; path = BasketSceneRouter.swift; sourceTree = "<group>"; };
		ACA083A427FCB95F004F61EB /* BasketSceneModels.swift */ = {isa = PBXFileReference; lastKnownFileType = sourcecode.swift; path = BasketSceneModels.swift; sourceTree = "<group>"; };
		ACA083A527FCB95F004F61EB /* BasketSceneViewController.swift */ = {isa = PBXFileReference; lastKnownFileType = sourcecode.swift; path = BasketSceneViewController.swift; sourceTree = "<group>"; };
		ACA083A627FCB95F004F61EB /* BasketSceneInteractor.swift */ = {isa = PBXFileReference; lastKnownFileType = sourcecode.swift; path = BasketSceneInteractor.swift; sourceTree = "<group>"; };
		ACA083A727FCB95F004F61EB /* BasketSceneViewController.xib */ = {isa = PBXFileReference; lastKnownFileType = file.xib; path = BasketSceneViewController.xib; sourceTree = "<group>"; };
		ACA083B027FCBED9004F61EB /* BasketCell.swift */ = {isa = PBXFileReference; lastKnownFileType = sourcecode.swift; path = BasketCell.swift; sourceTree = "<group>"; };
		ACA083B127FCBED9004F61EB /* BasketCell.xib */ = {isa = PBXFileReference; lastKnownFileType = file.xib; path = BasketCell.xib; sourceTree = "<group>"; };
		ACA083B4280133E3004F61EB /* BasketItem.swift */ = {isa = PBXFileReference; lastKnownFileType = sourcecode.swift; path = BasketItem.swift; sourceTree = "<group>"; };
		ACA083B7280138C5004F61EB /* DBBasketItem.swift */ = {isa = PBXFileReference; lastKnownFileType = sourcecode.swift; path = DBBasketItem.swift; sourceTree = "<group>"; };
		ACA083B928014019004F61EB /* ObjectExtension.swift */ = {isa = PBXFileReference; lastKnownFileType = sourcecode.swift; path = ObjectExtension.swift; sourceTree = "<group>"; };
		ACB4ED5F27A6E70100AAC997 /* ProductScenePresenter.swift */ = {isa = PBXFileReference; lastKnownFileType = sourcecode.swift; path = ProductScenePresenter.swift; sourceTree = "<group>"; };
		ACB4ED6027A6E70100AAC997 /* ProductSceneWorker.swift */ = {isa = PBXFileReference; lastKnownFileType = sourcecode.swift; path = ProductSceneWorker.swift; sourceTree = "<group>"; };
		ACB4ED6127A6E70100AAC997 /* ProductSceneRouter.swift */ = {isa = PBXFileReference; lastKnownFileType = sourcecode.swift; path = ProductSceneRouter.swift; sourceTree = "<group>"; };
		ACB4ED6227A6E70100AAC997 /* ProductSceneModels.swift */ = {isa = PBXFileReference; lastKnownFileType = sourcecode.swift; path = ProductSceneModels.swift; sourceTree = "<group>"; };
		ACB4ED6327A6E70100AAC997 /* ProductSceneViewController.swift */ = {isa = PBXFileReference; lastKnownFileType = sourcecode.swift; path = ProductSceneViewController.swift; sourceTree = "<group>"; };
		ACB4ED6427A6E70100AAC997 /* ProductSceneInteractor.swift */ = {isa = PBXFileReference; lastKnownFileType = sourcecode.swift; path = ProductSceneInteractor.swift; sourceTree = "<group>"; };
		ACB4ED6F27A9A5C600AAC997 /* ProductSceneViewController.xib */ = {isa = PBXFileReference; lastKnownFileType = file.xib; path = ProductSceneViewController.xib; sourceTree = "<group>"; };
		ACB4ED7327B00F6200AAC997 /* ImageHorizontalCollectionView.swift */ = {isa = PBXFileReference; lastKnownFileType = sourcecode.swift; path = ImageHorizontalCollectionView.swift; sourceTree = "<group>"; };
		ACB4ED7527B00F8800AAC997 /*  ImageHorizontalCollectionView.xib */ = {isa = PBXFileReference; lastKnownFileType = file.xib; path = " ImageHorizontalCollectionView.xib"; sourceTree = "<group>"; };
		ACB4ED7727B0128300AAC997 /* ImageHorizontalCollectionCell.swift */ = {isa = PBXFileReference; lastKnownFileType = sourcecode.swift; path = ImageHorizontalCollectionCell.swift; sourceTree = "<group>"; };
		ACB4ED7827B0128300AAC997 /* ImageHorizontalCollectionCell.xib */ = {isa = PBXFileReference; lastKnownFileType = file.xib; path = ImageHorizontalCollectionCell.xib; sourceTree = "<group>"; };
		ACB4ED7D27B01AB300AAC997 /* DownloadImagesService.swift */ = {isa = PBXFileReference; lastKnownFileType = sourcecode.swift; path = DownloadImagesService.swift; sourceTree = "<group>"; };
		ACB4ED7F27B043A800AAC997 /* Collection.swift */ = {isa = PBXFileReference; lastKnownFileType = sourcecode.swift; path = Collection.swift; sourceTree = "<group>"; };
		ACD82D5E26825A71007E451D /* Localizable.strings */ = {isa = PBXFileReference; lastKnownFileType = text.plist.strings; path = Localizable.strings; sourceTree = "<group>"; };
		ACE4518B27B6D13200CDAFD6 /* NetworkLogger.swift */ = {isa = PBXFileReference; lastKnownFileType = sourcecode.swift; path = NetworkLogger.swift; sourceTree = "<group>"; };
		ACE8C2E827BC2CB900AC8319 /* Formatter.swift */ = {isa = PBXFileReference; lastKnownFileType = sourcecode.swift; path = Formatter.swift; sourceTree = "<group>"; };
		ACE8C2EA27BC2D0500AC8319 /* Numeric.swift */ = {isa = PBXFileReference; lastKnownFileType = sourcecode.swift; path = Numeric.swift; sourceTree = "<group>"; };
		ACE8C2EC27BEC48B00AC8319 /* String.swift */ = {isa = PBXFileReference; lastKnownFileType = sourcecode.swift; path = String.swift; sourceTree = "<group>"; };
		ACE8C2EF27C2375800AC8319 /* ActionSheetCell.xib */ = {isa = PBXFileReference; fileEncoding = 4; lastKnownFileType = file.xib; path = ActionSheetCell.xib; sourceTree = "<group>"; };
		ACE8C2F027C2375800AC8319 /* ActionSheetHeaderView.xib */ = {isa = PBXFileReference; fileEncoding = 4; lastKnownFileType = file.xib; path = ActionSheetHeaderView.xib; sourceTree = "<group>"; };
		ACE8C2F127C2375800AC8319 /* ShadowActionSheetController.swift */ = {isa = PBXFileReference; fileEncoding = 4; lastKnownFileType = sourcecode.swift; path = ShadowActionSheetController.swift; sourceTree = "<group>"; };
		ACE8C2F227C2375800AC8319 /* ShadowActionSheet.swift */ = {isa = PBXFileReference; fileEncoding = 4; lastKnownFileType = sourcecode.swift; path = ShadowActionSheet.swift; sourceTree = "<group>"; };
		ACE8C2F327C2375800AC8319 /* ActionSheetCell.swift */ = {isa = PBXFileReference; fileEncoding = 4; lastKnownFileType = sourcecode.swift; path = ActionSheetCell.swift; sourceTree = "<group>"; };
		ACE8C2F427C2375800AC8319 /* ActionSheetHeaderView.swift */ = {isa = PBXFileReference; fileEncoding = 4; lastKnownFileType = sourcecode.swift; path = ActionSheetHeaderView.swift; sourceTree = "<group>"; };
		ACE8C2F527C2375900AC8319 /* ShadowActionSheetController.xib */ = {isa = PBXFileReference; fileEncoding = 4; lastKnownFileType = file.xib; path = ShadowActionSheetController.xib; sourceTree = "<group>"; };
		ACE8C2FD27C2388300AC8319 /* PanDirectionGestureRecognizer.swift */ = {isa = PBXFileReference; lastKnownFileType = sourcecode.swift; path = PanDirectionGestureRecognizer.swift; sourceTree = "<group>"; };
		ACE8C2FF27C2393200AC8319 /* AlphaTransition.swift */ = {isa = PBXFileReference; lastKnownFileType = sourcecode.swift; path = AlphaTransition.swift; sourceTree = "<group>"; };
		ACE8C30127C239AA00AC8319 /* UIView.swift */ = {isa = PBXFileReference; lastKnownFileType = sourcecode.swift; path = UIView.swift; sourceTree = "<group>"; };
		ACE8C30327C23C6B00AC8319 /* UITableView.swift */ = {isa = PBXFileReference; lastKnownFileType = sourcecode.swift; path = UITableView.swift; sourceTree = "<group>"; };
		ACE8C30927C24EC900AC8319 /* SheetActionService.swift */ = {isa = PBXFileReference; lastKnownFileType = sourcecode.swift; path = SheetActionService.swift; sourceTree = "<group>"; };
		ACE8C30B27C2522C00AC8319 /* ShadowSheetInfo.swift */ = {isa = PBXFileReference; lastKnownFileType = sourcecode.swift; path = ShadowSheetInfo.swift; sourceTree = "<group>"; };
		ACE8C31027C4080700AC8319 /* BackButtonView.swift */ = {isa = PBXFileReference; lastKnownFileType = sourcecode.swift; path = BackButtonView.swift; sourceTree = "<group>"; };
		ACE8C31327C55D7A00AC8319 /* BasketButtonView.swift */ = {isa = PBXFileReference; lastKnownFileType = sourcecode.swift; path = BasketButtonView.swift; sourceTree = "<group>"; };
		ACE9587227EA4CF700B792DD /* DatabaseChange.swift */ = {isa = PBXFileReference; lastKnownFileType = sourcecode.swift; path = DatabaseChange.swift; sourceTree = "<group>"; };
		ACEA54D927B18AAF00EDA565 /* ProductItem.swift */ = {isa = PBXFileReference; lastKnownFileType = sourcecode.swift; path = ProductItem.swift; sourceTree = "<group>"; };
		ACEA54DB27B2E60F00EDA565 /* Array.swift */ = {isa = PBXFileReference; lastKnownFileType = sourcecode.swift; path = Array.swift; sourceTree = "<group>"; };
		ACF51375265698D700911885 /* NetworkService.swift */ = {isa = PBXFileReference; lastKnownFileType = sourcecode.swift; path = NetworkService.swift; sourceTree = "<group>"; };
		ACF5137726569AE200911885 /* NetworkServiceImpl.swift */ = {isa = PBXFileReference; lastKnownFileType = sourcecode.swift; path = NetworkServiceImpl.swift; sourceTree = "<group>"; };
		ACF5137B2656A2DC00911885 /* NetworkError.swift */ = {isa = PBXFileReference; lastKnownFileType = sourcecode.swift; path = NetworkError.swift; sourceTree = "<group>"; };
		ACF5137D2656CB4A00911885 /* EndPoint.swift */ = {isa = PBXFileReference; lastKnownFileType = sourcecode.swift; path = EndPoint.swift; sourceTree = "<group>"; };
		ACF513802656D94600911885 /* CategoryInfo.swift */ = {isa = PBXFileReference; lastKnownFileType = sourcecode.swift; path = CategoryInfo.swift; sourceTree = "<group>"; };
/* End PBXFileReference section */

/* Begin PBXFrameworksBuildPhase section */
		AC8E6E9F264E7CA3009A2A20 /* Frameworks */ = {
			isa = PBXFrameworksBuildPhase;
			buildActionMask = 2147483647;
			files = (
				97C32D0A2990F0096777344D /* Pods_BlackstarShopMVP.framework in Frameworks */,
			);
			runOnlyForDeploymentPostprocessing = 0;
		};
/* End PBXFrameworksBuildPhase section */

/* Begin PBXGroup section */
		5F79F6B0FD41DDC715D450A4 /* Frameworks */ = {
			isa = PBXGroup;
			children = (
				9537D0EA063E6250A8F03592 /* Pods_BlackstarShopMVP.framework */,
			);
			name = Frameworks;
			sourceTree = "<group>";
		};
		671CAF2EE1296E488C49CFB1 /* Pods */ = {
			isa = PBXGroup;
			children = (
				0DFBA5A35104DAD62A86EB28 /* Pods-BlackstarShopMVP.debug.xcconfig */,
				0971335D2A972317A2CD3CFC /* Pods-BlackstarShopMVP.release.xcconfig */,
			);
			path = Pods;
			sourceTree = "<group>";
		};
		AC5E691026811DB900408DB4 /* ProductList */ = {
			isa = PBXGroup;
			children = (
				AC5E691726811DD100408DB4 /* ProductListSceneViewController.xib */,
				AC5E691426811DD100408DB4 /* ProductListSceneModels.swift */,
				AC5E691526811DD100408DB4 /* ProductListSceneViewController.swift */,
				AC5E691626811DD100408DB4 /* ProductListSceneInteractor.swift */,
				AC5E691126811DD100408DB4 /* ProductListScenePresenter.swift */,
				AC5E691226811DD100408DB4 /* ProductListSceneWorker.swift */,
				AC5E691326811DD100408DB4 /* ProductListSceneRouter.swift */,
			);
			path = ProductList;
			sourceTree = "<group>";
		};
		AC5E691F268122A400408DB4 /* ProductCell */ = {
			isa = PBXGroup;
			children = (
				AC5E6921268122DD00408DB4 /* ProductCell.xib */,
				AC5E6920268122DD00408DB4 /* ProductCell.swift */,
			);
			path = ProductCell;
			sourceTree = "<group>";
		};
		AC6D030926612F9000AFC274 /* Factories */ = {
			isa = PBXGroup;
			children = (
				AC6D030A26612FD600AFC274 /* Screens.swift */,
				AC6D030C2661312B00AFC274 /* ScenesFactory.swift */,
				AC6D03102661336400AFC274 /* ScenesFactoryImpl.swift */,
			);
			path = Factories;
			sourceTree = "<group>";
		};
		AC8E6E99264E7CA3009A2A20 = {
			isa = PBXGroup;
			children = (
				AC8E6EA4264E7CA3009A2A20 /* BlackstarShopMVP */,
				AC8E6EA3264E7CA3009A2A20 /* Products */,
				671CAF2EE1296E488C49CFB1 /* Pods */,
				5F79F6B0FD41DDC715D450A4 /* Frameworks */,
			);
			sourceTree = "<group>";
		};
		AC8E6EA3264E7CA3009A2A20 /* Products */ = {
			isa = PBXGroup;
			children = (
				AC8E6EA2264E7CA3009A2A20 /* BlackstarShopMVP.app */,
			);
			name = Products;
			sourceTree = "<group>";
		};
		AC8E6EA4264E7CA3009A2A20 /* BlackstarShopMVP */ = {
			isa = PBXGroup;
			children = (
				AC930AF826514AF200DE5B2D /* Application */,
				AC6D030926612F9000AFC274 /* Factories */,
				ACF513792656A2A100911885 /* Entities */,
				ACF51373265698A500911885 /* Services */,
				ACB4ED4027A6C56E00AAC997 /* Views */,
				AC930B4A265521BD00DE5B2D /* Extensions */,
				AC930AFA26514B6F00DE5B2D /* Scenes */,
				AC8E6EA9264E7CA3009A2A20 /* ViewController.swift */,
				AC8E6EAB264E7CA3009A2A20 /* Main.storyboard */,
				AC930AF926514B1E00DE5B2D /* Resources */,
			);
			path = BlackstarShopMVP;
			sourceTree = "<group>";
		};
		AC930AF826514AF200DE5B2D /* Application */ = {
			isa = PBXGroup;
			children = (
				AC8E6EB0264E7CA5009A2A20 /* LaunchScreen.storyboard */,
				AC8E6EA5264E7CA3009A2A20 /* AppDelegate.swift */,
				AC8E6EA7264E7CA3009A2A20 /* SceneDelegate.swift */,
			);
			path = Application;
			sourceTree = "<group>";
		};
		AC930AF926514B1E00DE5B2D /* Resources */ = {
			isa = PBXGroup;
			children = (
				AC930B3B2655160A00DE5B2D /* Fonts */,
				AC930B0E2652CBF200DE5B2D /* R.generated.swift */,
				AC8E6EAE264E7CA5009A2A20 /* Assets.xcassets */,
				AC8E6EB3264E7CA5009A2A20 /* Info.plist */,
				ACD82D5E26825A71007E451D /* Localizable.strings */,
			);
			path = Resources;
			sourceTree = "<group>";
		};
		AC930AFA26514B6F00DE5B2D /* Scenes */ = {
			isa = PBXGroup;
			children = (
				AC930AFC26514C7C00DE5B2D /* MainTabBar */,
				AC930AFD26514CB900DE5B2D /* СategoryAndSubcategory */,
				AC5E691026811DB900408DB4 /* ProductList */,
				ACB4ED5E27A6E6C500AAC997 /* Product */,
				ACA083A027FCB907004F61EB /* Basket */,
			);
			path = Scenes;
			sourceTree = "<group>";
		};
		AC930AFC26514C7C00DE5B2D /* MainTabBar */ = {
			isa = PBXGroup;
			children = (
				AC930B0226514E1600DE5B2D /* MainTabBarController.swift */,
			);
			path = MainTabBar;
			sourceTree = "<group>";
		};
		AC930AFD26514CB900DE5B2D /* СategoryAndSubcategory */ = {
			isa = PBXGroup;
			children = (
				AC930B2C2653ADFA00DE5B2D /* CategorySceneViewController.xib */,
				AC930B292653ADFA00DE5B2D /* CategorySceneModels.swift */,
				AC930B2A2653ADFA00DE5B2D /* CategorySceneViewController.swift */,
				AC930B2B2653ADFA00DE5B2D /* CategorySceneInteractor.swift */,
				AC930B262653ADFA00DE5B2D /* CategoryScenePresenter.swift */,
				AC930B272653ADFA00DE5B2D /* CategorySceneWorker.swift */,
				AC930B282653ADFA00DE5B2D /* CategorySceneRouter.swift */,
			);
			path = "СategoryAndSubcategory";
			sourceTree = "<group>";
		};
		AC930B342653F51200DE5B2D /* СategoryCell */ = {
			isa = PBXGroup;
			children = (
				AC930B382653F55600DE5B2D /* CategoryCell.xib */,
				AC930B372653F55600DE5B2D /* CategoryCell.swift */,
			);
			path = "СategoryCell";
			sourceTree = "<group>";
		};
		AC930B3B2655160A00DE5B2D /* Fonts */ = {
			isa = PBXGroup;
			children = (
				AC930B3C2655164000DE5B2D /* SF-Pro-Display-Medium.otf */,
				AC930B3F2655164000DE5B2D /* SF-Pro-Display-Regular.otf */,
				AC930B3E2655164000DE5B2D /* SF-Pro-Display-Semibold.otf */,
				AC930B402655164100DE5B2D /* SF-Pro-Text-Light.otf */,
				AC930B422655164100DE5B2D /* SF-Pro-Text-Regular.otf */,
				AC930B412655164100DE5B2D /* SF-Pro-Text-Semibold.otf */,
				AC930B3D2655164000DE5B2D /* SF-Pro-Display-Bold.otf */,
			);
			path = Fonts;
			sourceTree = "<group>";
		};
		AC930B4A265521BD00DE5B2D /* Extensions */ = {
			isa = PBXGroup;
			children = (
				AC930B4B265521E400DE5B2D /* UIImageView.swift */,
				AC6E8D1D266014F5007EA6A9 /* UIImage.swift */,
				AC6D030E2661326100AFC274 /* UIViewController.swift */,
				ACB4ED7F27B043A800AAC997 /* Collection.swift */,
				ACEA54DB27B2E60F00EDA565 /* Array.swift */,
				ACE8C2E827BC2CB900AC8319 /* Formatter.swift */,
				ACE8C2EA27BC2D0500AC8319 /* Numeric.swift */,
				ACE8C2EC27BEC48B00AC8319 /* String.swift */,
				ACE8C30127C239AA00AC8319 /* UIView.swift */,
				ACE8C30327C23C6B00AC8319 /* UITableView.swift */,
				AC9C1DB127C5E7AA0041EFE3 /* NSAttributedString.swift */,
				ACA083B928014019004F61EB /* ObjectExtension.swift */,
			);
			path = Extensions;
			sourceTree = "<group>";
		};
		AC96C4DB27CBB5F10027F59A /* LocalStorage */ = {
			isa = PBXGroup;
			children = (
				AC96C4DC27CBB6080027F59A /* DatabaseManager.swift */,
				AC37481A280151AF00EA3677 /* DBBasketService.swift */,
			);
			path = LocalStorage;
			sourceTree = "<group>";
		};
		ACA0839827FA1C3F004F61EB /* LocalStorage */ = {
			isa = PBXGroup;
			children = (
				ACA0839927FA1C4E004F61EB /* Conversion */,
				ACE9587227EA4CF700B792DD /* DatabaseChange.swift */,
				ACA0839E27FA248D004F61EB /* DomainDatabaseChange.swift */,
			);
			path = LocalStorage;
			sourceTree = "<group>";
		};
		ACA0839927FA1C4E004F61EB /* Conversion */ = {
			isa = PBXGroup;
			children = (
				ACA0839A27FA1C6F004F61EB /* DomainConvertibleType.swift */,
				ACA0839C27FA1C80004F61EB /* RealmRepresentable.swift */,
			);
			path = Conversion;
			sourceTree = "<group>";
		};
		ACA083A027FCB907004F61EB /* Basket */ = {
			isa = PBXGroup;
			children = (
				ACA083A727FCB95F004F61EB /* BasketSceneViewController.xib */,
				ACA083A127FCB95F004F61EB /* BasketScenePresenter.swift */,
				ACA083A227FCB95F004F61EB /* BasketSceneWorker.swift */,
				ACA083A327FCB95F004F61EB /* BasketSceneRouter.swift */,
				ACA083A427FCB95F004F61EB /* BasketSceneModels.swift */,
				ACA083A527FCB95F004F61EB /* BasketSceneViewController.swift */,
				ACA083A627FCB95F004F61EB /* BasketSceneInteractor.swift */,
			);
			path = Basket;
			sourceTree = "<group>";
		};
		ACA083AF27FCBE77004F61EB /* BasketCell */ = {
			isa = PBXGroup;
			children = (
				ACA083B027FCBED9004F61EB /* BasketCell.swift */,
				ACA083B127FCBED9004F61EB /* BasketCell.xib */,
			);
			path = BasketCell;
			sourceTree = "<group>";
		};
		ACA083B628013831004F61EB /* DB */ = {
			isa = PBXGroup;
			children = (
				ACA083B7280138C5004F61EB /* DBBasketItem.swift */,
			);
			path = DB;
			sourceTree = "<group>";
		};
		ACB4ED4027A6C56E00AAC997 /* Views */ = {
			isa = PBXGroup;
			children = (
				ACE8C31227C55D6000AC8319 /* BasketButtonView */,
				ACE8C30D27C407CE00AC8319 /* BackButtonView */,
				ACE8C2EE27C2370B00AC8319 /* SheetAlert */,
				AC930B342653F51200DE5B2D /* СategoryCell */,
				AC5E691F268122A400408DB4 /* ProductCell */,
				ACB4ED4127A6C5CF00AAC997 /* ImageSlider */,
				ACA083AF27FCBE77004F61EB /* BasketCell */,
			);
			path = Views;
			sourceTree = "<group>";
		};
		ACB4ED4127A6C5CF00AAC997 /* ImageSlider */ = {
			isa = PBXGroup;
			children = (
				ACB4ED7227B00F1300AAC997 /*  ImageHorizontalCollectionView */,
				ACB4ED7B27B0129300AAC997 /* ImageHorizontalCollectionCell */,
			);
			path = ImageSlider;
			sourceTree = "<group>";
		};
		ACB4ED5E27A6E6C500AAC997 /* Product */ = {
			isa = PBXGroup;
			children = (
				ACB4ED6F27A9A5C600AAC997 /* ProductSceneViewController.xib */,
				ACB4ED6227A6E70100AAC997 /* ProductSceneModels.swift */,
				ACB4ED6327A6E70100AAC997 /* ProductSceneViewController.swift */,
				ACB4ED6427A6E70100AAC997 /* ProductSceneInteractor.swift */,
				ACB4ED5F27A6E70100AAC997 /* ProductScenePresenter.swift */,
				ACB4ED6027A6E70100AAC997 /* ProductSceneWorker.swift */,
				ACB4ED6127A6E70100AAC997 /* ProductSceneRouter.swift */,
			);
			path = Product;
			sourceTree = "<group>";
		};
		ACB4ED7227B00F1300AAC997 /*  ImageHorizontalCollectionView */ = {
			isa = PBXGroup;
			children = (
				ACB4ED7527B00F8800AAC997 /*  ImageHorizontalCollectionView.xib */,
				ACB4ED7327B00F6200AAC997 /* ImageHorizontalCollectionView.swift */,
			);
			path = " ImageHorizontalCollectionView";
			sourceTree = "<group>";
		};
		ACB4ED7B27B0129300AAC997 /* ImageHorizontalCollectionCell */ = {
			isa = PBXGroup;
			children = (
				ACB4ED7827B0128300AAC997 /* ImageHorizontalCollectionCell.xib */,
				ACB4ED7727B0128300AAC997 /* ImageHorizontalCollectionCell.swift */,
			);
			path = ImageHorizontalCollectionCell;
			sourceTree = "<group>";
		};
		ACB4ED7C27B01A8300AAC997 /* DownloadImagesService */ = {
			isa = PBXGroup;
			children = (
				ACB4ED7D27B01AB300AAC997 /* DownloadImagesService.swift */,
			);
			path = DownloadImagesService;
			sourceTree = "<group>";
		};
		ACE4518A27B6D10E00CDAFD6 /* NetworkLoggerService */ = {
			isa = PBXGroup;
			children = (
				ACE4518B27B6D13200CDAFD6 /* NetworkLogger.swift */,
			);
			path = NetworkLoggerService;
			sourceTree = "<group>";
		};
		ACE8C2EE27C2370B00AC8319 /* SheetAlert */ = {
			isa = PBXGroup;
			children = (
				ACE8C30527C23D2200AC8319 /* ActionSheetCell */,
				ACE8C30627C23D6800AC8319 /* ActionSheetHeaderView */,
				ACE8C30727C23D8E00AC8319 /* ShadowActionSheetController */,
				ACE8C2F227C2375800AC8319 /* ShadowActionSheet.swift */,
				ACE8C2FD27C2388300AC8319 /* PanDirectionGestureRecognizer.swift */,
				ACE8C2FF27C2393200AC8319 /* AlphaTransition.swift */,
			);
			path = SheetAlert;
			sourceTree = "<group>";
		};
		ACE8C30527C23D2200AC8319 /* ActionSheetCell */ = {
			isa = PBXGroup;
			children = (
				ACE8C2EF27C2375800AC8319 /* ActionSheetCell.xib */,
				ACE8C2F327C2375800AC8319 /* ActionSheetCell.swift */,
			);
			path = ActionSheetCell;
			sourceTree = "<group>";
		};
		ACE8C30627C23D6800AC8319 /* ActionSheetHeaderView */ = {
			isa = PBXGroup;
			children = (
				ACE8C2F027C2375800AC8319 /* ActionSheetHeaderView.xib */,
				ACE8C2F427C2375800AC8319 /* ActionSheetHeaderView.swift */,
			);
			path = ActionSheetHeaderView;
			sourceTree = "<group>";
		};
		ACE8C30727C23D8E00AC8319 /* ShadowActionSheetController */ = {
			isa = PBXGroup;
			children = (
				ACE8C2F527C2375900AC8319 /* ShadowActionSheetController.xib */,
				ACE8C2F127C2375800AC8319 /* ShadowActionSheetController.swift */,
			);
			path = ShadowActionSheetController;
			sourceTree = "<group>";
		};
		ACE8C30827C24E8000AC8319 /* SheetActionService */ = {
			isa = PBXGroup;
			children = (
				ACE8C30927C24EC900AC8319 /* SheetActionService.swift */,
			);
			path = SheetActionService;
			sourceTree = "<group>";
		};
		ACE8C30D27C407CE00AC8319 /* BackButtonView */ = {
			isa = PBXGroup;
			children = (
				ACE8C31027C4080700AC8319 /* BackButtonView.swift */,
			);
			path = BackButtonView;
			sourceTree = "<group>";
		};
		ACE8C31227C55D6000AC8319 /* BasketButtonView */ = {
			isa = PBXGroup;
			children = (
				ACE8C31327C55D7A00AC8319 /* BasketButtonView.swift */,
			);
			path = BasketButtonView;
			sourceTree = "<group>";
		};
		ACEA54D827B18A9000EDA565 /* Models */ = {
			isa = PBXGroup;
			children = (
				ACE8C30B27C2522C00AC8319 /* ShadowSheetInfo.swift */,
				ACEA54D927B18AAF00EDA565 /* ProductItem.swift */,
				ACA083B4280133E3004F61EB /* BasketItem.swift */,
			);
			path = Models;
			sourceTree = "<group>";
		};
		ACF51373265698A500911885 /* Services */ = {
			isa = PBXGroup;
			children = (
				AC96C4DB27CBB5F10027F59A /* LocalStorage */,
				ACE8C30827C24E8000AC8319 /* SheetActionService */,
				ACE4518A27B6D10E00CDAFD6 /* NetworkLoggerService */,
				ACF51374265698B700911885 /* NetworkServices */,
			);
			path = Services;
			sourceTree = "<group>";
		};
		ACF51374265698B700911885 /* NetworkServices */ = {
			isa = PBXGroup;
			children = (
				ACB4ED7C27B01A8300AAC997 /* DownloadImagesService */,
				ACF51375265698D700911885 /* NetworkService.swift */,
				ACF5137726569AE200911885 /* NetworkServiceImpl.swift */,
				ACF5137D2656CB4A00911885 /* EndPoint.swift */,
				AC953A3E265AD08E0077BBE6 /* NetworkConst.swift */,
			);
			path = NetworkServices;
			sourceTree = "<group>";
		};
		ACF513792656A2A100911885 /* Entities */ = {
			isa = PBXGroup;
			children = (
				ACA0839827FA1C3F004F61EB /* LocalStorage */,
				ACF5137F2656D91500911885 /* API */,
				ACA083B628013831004F61EB /* DB */,
				ACEA54D827B18A9000EDA565 /* Models */,
				ACF5137A2656A2BC00911885 /* Errors */,
			);
			path = Entities;
			sourceTree = "<group>";
		};
		ACF5137A2656A2BC00911885 /* Errors */ = {
			isa = PBXGroup;
			children = (
				ACF5137B2656A2DC00911885 /* NetworkError.swift */,
			);
			path = Errors;
			sourceTree = "<group>";
		};
		ACF5137F2656D91500911885 /* API */ = {
			isa = PBXGroup;
			children = (
				ACF513802656D94600911885 /* CategoryInfo.swift */,
				AC953A32265977040077BBE6 /* SubcategoryInfo.swift */,
				AC69FAED2688AD79007A931C /* ProductInfo.swift */,
			);
			path = API;
			sourceTree = "<group>";
		};
/* End PBXGroup section */

/* Begin PBXNativeTarget section */
		AC8E6EA1264E7CA3009A2A20 /* BlackstarShopMVP */ = {
			isa = PBXNativeTarget;
			buildConfigurationList = AC8E6EB6264E7CA5009A2A20 /* Build configuration list for PBXNativeTarget "BlackstarShopMVP" */;
			buildPhases = (
				332656B3996D99124C079075 /* [CP] Check Pods Manifest.lock */,
				AC930B062652A20900DE5B2D /* Swift Lint */,
				AC930B072652BD9900DE5B2D /* R.swift */,
				AC8E6E9E264E7CA3009A2A20 /* Sources */,
				AC8E6E9F264E7CA3009A2A20 /* Frameworks */,
				AC8E6EA0264E7CA3009A2A20 /* Resources */,
				292F8F2925588454545F8AA5 /* [CP] Embed Pods Frameworks */,
			);
			buildRules = (
			);
			dependencies = (
			);
			name = BlackstarShopMVP;
			productName = BlackstarShopMVP;
			productReference = AC8E6EA2264E7CA3009A2A20 /* BlackstarShopMVP.app */;
			productType = "com.apple.product-type.application";
		};
/* End PBXNativeTarget section */

/* Begin PBXProject section */
		AC8E6E9A264E7CA3009A2A20 /* Project object */ = {
			isa = PBXProject;
			attributes = {
				LastSwiftUpdateCheck = 1250;
				LastUpgradeCheck = 1250;
				TargetAttributes = {
					AC8E6EA1264E7CA3009A2A20 = {
						CreatedOnToolsVersion = 12.5;
					};
				};
			};
			buildConfigurationList = AC8E6E9D264E7CA3009A2A20 /* Build configuration list for PBXProject "BlackstarShopMVP" */;
			compatibilityVersion = "Xcode 9.3";
			developmentRegion = en;
			hasScannedForEncodings = 0;
			knownRegions = (
				en,
				Base,
			);
			mainGroup = AC8E6E99264E7CA3009A2A20;
			productRefGroup = AC8E6EA3264E7CA3009A2A20 /* Products */;
			projectDirPath = "";
			projectRoot = "";
			targets = (
				AC8E6EA1264E7CA3009A2A20 /* BlackstarShopMVP */,
			);
		};
/* End PBXProject section */

/* Begin PBXResourcesBuildPhase section */
		AC8E6EA0264E7CA3009A2A20 /* Resources */ = {
			isa = PBXResourcesBuildPhase;
			buildActionMask = 2147483647;
			files = (
				AC930B452655164100DE5B2D /* SF-Pro-Display-Semibold.otf in Resources */,
				ACB4ED7A27B0128300AAC997 /* ImageHorizontalCollectionCell.xib in Resources */,
				AC930B432655164100DE5B2D /* SF-Pro-Display-Medium.otf in Resources */,
				AC930B3A2653F55600DE5B2D /* CategoryCell.xib in Resources */,
				AC930B332653ADFA00DE5B2D /* CategorySceneViewController.xib in Resources */,
				ACA083AE27FCB95F004F61EB /* BasketSceneViewController.xib in Resources */,
				ACE8C2F627C2375900AC8319 /* ActionSheetCell.xib in Resources */,
				AC930B472655164100DE5B2D /* SF-Pro-Text-Light.otf in Resources */,
				ACE8C2FC27C2375900AC8319 /* ShadowActionSheetController.xib in Resources */,
				AC8E6EB2264E7CA5009A2A20 /* LaunchScreen.storyboard in Resources */,
				AC930B492655164100DE5B2D /* SF-Pro-Text-Regular.otf in Resources */,
				ACE8C2F727C2375900AC8319 /* ActionSheetHeaderView.xib in Resources */,
				AC8E6EAF264E7CA5009A2A20 /* Assets.xcassets in Resources */,
				AC8E6EAD264E7CA3009A2A20 /* Main.storyboard in Resources */,
				AC5E6923268122DD00408DB4 /* ProductCell.xib in Resources */,
				ACB4ED7127A9A5C600AAC997 /* ProductSceneViewController.xib in Resources */,
				ACA083B327FCBED9004F61EB /* BasketCell.xib in Resources */,
				ACD82D5F26825A71007E451D /* Localizable.strings in Resources */,
				AC5E691E26811DD100408DB4 /* ProductListSceneViewController.xib in Resources */,
				AC930B482655164100DE5B2D /* SF-Pro-Text-Semibold.otf in Resources */,
				AC930B462655164100DE5B2D /* SF-Pro-Display-Regular.otf in Resources */,
				AC930B442655164100DE5B2D /* SF-Pro-Display-Bold.otf in Resources */,
				ACB4ED7627B00F8800AAC997 /*  ImageHorizontalCollectionView.xib in Resources */,
			);
			runOnlyForDeploymentPostprocessing = 0;
		};
/* End PBXResourcesBuildPhase section */

/* Begin PBXShellScriptBuildPhase section */
		292F8F2925588454545F8AA5 /* [CP] Embed Pods Frameworks */ = {
			isa = PBXShellScriptBuildPhase;
			buildActionMask = 2147483647;
			files = (
			);
			inputFileListPaths = (
				"${PODS_ROOT}/Target Support Files/Pods-BlackstarShopMVP/Pods-BlackstarShopMVP-frameworks-${CONFIGURATION}-input-files.xcfilelist",
			);
			name = "[CP] Embed Pods Frameworks";
			outputFileListPaths = (
				"${PODS_ROOT}/Target Support Files/Pods-BlackstarShopMVP/Pods-BlackstarShopMVP-frameworks-${CONFIGURATION}-output-files.xcfilelist",
			);
			runOnlyForDeploymentPostprocessing = 0;
			shellPath = /bin/sh;
			shellScript = "\"${PODS_ROOT}/Target Support Files/Pods-BlackstarShopMVP/Pods-BlackstarShopMVP-frameworks.sh\"\n";
			showEnvVarsInLog = 0;
		};
		332656B3996D99124C079075 /* [CP] Check Pods Manifest.lock */ = {
			isa = PBXShellScriptBuildPhase;
			buildActionMask = 2147483647;
			files = (
			);
			inputFileListPaths = (
			);
			inputPaths = (
				"${PODS_PODFILE_DIR_PATH}/Podfile.lock",
				"${PODS_ROOT}/Manifest.lock",
			);
			name = "[CP] Check Pods Manifest.lock";
			outputFileListPaths = (
			);
			outputPaths = (
				"$(DERIVED_FILE_DIR)/Pods-BlackstarShopMVP-checkManifestLockResult.txt",
			);
			runOnlyForDeploymentPostprocessing = 0;
			shellPath = /bin/sh;
			shellScript = "diff \"${PODS_PODFILE_DIR_PATH}/Podfile.lock\" \"${PODS_ROOT}/Manifest.lock\" > /dev/null\nif [ $? != 0 ] ; then\n    # print error to STDERR\n    echo \"error: The sandbox is not in sync with the Podfile.lock. Run 'pod install' or update your CocoaPods installation.\" >&2\n    exit 1\nfi\n# This output is used by Xcode 'outputs' to avoid re-running this script phase.\necho \"SUCCESS\" > \"${SCRIPT_OUTPUT_FILE_0}\"\n";
			showEnvVarsInLog = 0;
		};
		AC930B062652A20900DE5B2D /* Swift Lint */ = {
			isa = PBXShellScriptBuildPhase;
			buildActionMask = 2147483647;
			files = (
			);
			inputFileListPaths = (
			);
			inputPaths = (
			);
			name = "Swift Lint";
			outputFileListPaths = (
			);
			outputPaths = (
			);
			runOnlyForDeploymentPostprocessing = 0;
			shellPath = /bin/sh;
			shellScript = "# Type a script or drag a script file from your workspace to insert its path.\nif which swiftlint >/dev/null; then\n  swiftlint\nelse\n  echo \"warning: SwiftLint not installed, download from https://github.com/realm/SwiftLint\"\nfi\n";
		};
		AC930B072652BD9900DE5B2D /* R.swift */ = {
			isa = PBXShellScriptBuildPhase;
			alwaysOutOfDate = 1;
			buildActionMask = 2147483647;
			files = (
			);
			inputFileListPaths = (
			);
			inputPaths = (
			);
			name = R.swift;
			outputFileListPaths = (
			);
			outputPaths = (
				$SRCROOT/$PROJECT_NAME/Resources/R.generated.swift,
			);
			runOnlyForDeploymentPostprocessing = 0;
			shellPath = /bin/sh;
			shellScript = "\"$PODS_ROOT/R.swift/rswift\" generate \"$SRCROOT/$PROJECT_NAME/Resources/R.generated.swift\"\n";
		};
/* End PBXShellScriptBuildPhase section */

/* Begin PBXSourcesBuildPhase section */
		AC8E6E9E264E7CA3009A2A20 /* Sources */ = {
			isa = PBXSourcesBuildPhase;
			buildActionMask = 2147483647;
			files = (
				AC930B322653ADFA00DE5B2D /* CategorySceneInteractor.swift in Sources */,
				ACF5137C2656A2DC00911885 /* NetworkError.swift in Sources */,
				ACB4ED7427B00F6200AAC997 /* ImageHorizontalCollectionView.swift in Sources */,
				AC930B312653ADFA00DE5B2D /* CategorySceneViewController.swift in Sources */,
				ACE8C30027C2393200AC8319 /* AlphaTransition.swift in Sources */,
				AC9C1DB227C5E7AA0041EFE3 /* NSAttributedString.swift in Sources */,
				ACB4ED6B27A6E70100AAC997 /* ProductSceneInteractor.swift in Sources */,
				AC6D03112661336400AFC274 /* ScenesFactoryImpl.swift in Sources */,
				AC6D030B26612FD600AFC274 /* Screens.swift in Sources */,
				ACE8C2FE27C2388300AC8319 /* PanDirectionGestureRecognizer.swift in Sources */,
				AC930B2E2653ADFA00DE5B2D /* CategorySceneWorker.swift in Sources */,
				ACE8C30C27C2522C00AC8319 /* ShadowSheetInfo.swift in Sources */,
				ACE8C31127C4080700AC8319 /* BackButtonView.swift in Sources */,
				AC5E691826811DD100408DB4 /* ProductListScenePresenter.swift in Sources */,
				AC930B4C265521E400DE5B2D /* UIImageView.swift in Sources */,
				ACF5137E2656CB4A00911885 /* EndPoint.swift in Sources */,
				ACB4ED6627A6E70100AAC997 /* ProductScenePresenter.swift in Sources */,
				AC37481B280151AF00EA3677 /* DBBasketService.swift in Sources */,
				ACA083BA28014019004F61EB /* ObjectExtension.swift in Sources */,
				ACB4ED6927A6E70100AAC997 /* ProductSceneModels.swift in Sources */,
				ACA0839D27FA1C80004F61EB /* RealmRepresentable.swift in Sources */,
				AC6D030D2661312B00AFC274 /* ScenesFactory.swift in Sources */,
				AC8E6EAA264E7CA3009A2A20 /* ViewController.swift in Sources */,
				AC5E691B26811DD100408DB4 /* ProductListSceneModels.swift in Sources */,
				AC69FAEE2688AD79007A931C /* ProductInfo.swift in Sources */,
				AC953A3F265AD08E0077BBE6 /* NetworkConst.swift in Sources */,
				ACE8C2ED27BEC48B00AC8319 /* String.swift in Sources */,
				AC8E6EA6264E7CA3009A2A20 /* AppDelegate.swift in Sources */,
				ACE8C2E927BC2CB900AC8319 /* Formatter.swift in Sources */,
				ACF513812656D94600911885 /* CategoryInfo.swift in Sources */,
				ACE8C30227C239AA00AC8319 /* UIView.swift in Sources */,
				ACA083B8280138C5004F61EB /* DBBasketItem.swift in Sources */,
				ACA083B5280133E3004F61EB /* BasketItem.swift in Sources */,
				ACE4518C27B6D13200CDAFD6 /* NetworkLogger.swift in Sources */,
				ACB4ED6A27A6E70100AAC997 /* ProductSceneViewController.swift in Sources */,
				ACB4ED8027B043A800AAC997 /* Collection.swift in Sources */,
				ACF51376265698D700911885 /* NetworkService.swift in Sources */,
				ACE8C30427C23C6B00AC8319 /* UITableView.swift in Sources */,
				ACA0839F27FA248D004F61EB /* DomainDatabaseChange.swift in Sources */,
				AC5E691A26811DD100408DB4 /* ProductListSceneRouter.swift in Sources */,
				ACE8C2FA27C2375900AC8319 /* ActionSheetCell.swift in Sources */,
				ACE8C2F827C2375900AC8319 /* ShadowActionSheetController.swift in Sources */,
				ACB4ED6727A6E70100AAC997 /* ProductSceneWorker.swift in Sources */,
				ACA083B227FCBED9004F61EB /* BasketCell.swift in Sources */,
				ACA083AD27FCB95F004F61EB /* BasketSceneInteractor.swift in Sources */,
				AC930B0F2652CBF200DE5B2D /* R.generated.swift in Sources */,
				ACB4ED7927B0128300AAC997 /* ImageHorizontalCollectionCell.swift in Sources */,
				AC930B0326514E1600DE5B2D /* MainTabBarController.swift in Sources */,
				ACE8C2F927C2375900AC8319 /* ShadowActionSheet.swift in Sources */,
				AC953A33265977040077BBE6 /* SubcategoryInfo.swift in Sources */,
				AC930B2D2653ADFA00DE5B2D /* CategoryScenePresenter.swift in Sources */,
				ACB4ED7E27B01AB300AAC997 /* DownloadImagesService.swift in Sources */,
				AC5E691C26811DD100408DB4 /* ProductListSceneViewController.swift in Sources */,
				ACE9587327EA4CF700B792DD /* DatabaseChange.swift in Sources */,
				ACEA54DA27B18AAF00EDA565 /* ProductItem.swift in Sources */,
				ACA083A827FCB95F004F61EB /* BasketScenePresenter.swift in Sources */,
				AC930B302653ADFA00DE5B2D /* CategorySceneModels.swift in Sources */,
				AC930B2F2653ADFA00DE5B2D /* CategorySceneRouter.swift in Sources */,
				AC6D030F2661326100AFC274 /* UIViewController.swift in Sources */,
				ACEA54DC27B2E60F00EDA565 /* Array.swift in Sources */,
				ACA083A927FCB95F004F61EB /* BasketSceneWorker.swift in Sources */,
				AC8E6EA8264E7CA3009A2A20 /* SceneDelegate.swift in Sources */,
				AC6E8D1E266014F7007EA6A9 /* UIImage.swift in Sources */,
				ACF5137826569AE200911885 /* NetworkServiceImpl.swift in Sources */,
				ACE8C2FB27C2375900AC8319 /* ActionSheetHeaderView.swift in Sources */,
				ACA083AB27FCB95F004F61EB /* BasketSceneModels.swift in Sources */,
				ACA083AA27FCB95F004F61EB /* BasketSceneRouter.swift in Sources */,
				AC5E6922268122DD00408DB4 /* ProductCell.swift in Sources */,
				ACE8C2EB27BC2D0500AC8319 /* Numeric.swift in Sources */,
				ACE8C31427C55D7A00AC8319 /* BasketButtonView.swift in Sources */,
				ACA0839B27FA1C6F004F61EB /* DomainConvertibleType.swift in Sources */,
				ACA083AC27FCB95F004F61EB /* BasketSceneViewController.swift in Sources */,
				AC5E691926811DD100408DB4 /* ProductListSceneWorker.swift in Sources */,
				AC5E691D26811DD100408DB4 /* ProductListSceneInteractor.swift in Sources */,
				AC930B392653F55600DE5B2D /* CategoryCell.swift in Sources */,
				ACB4ED6827A6E70100AAC997 /* ProductSceneRouter.swift in Sources */,
				ACE8C30A27C24EC900AC8319 /* SheetActionService.swift in Sources */,
				AC96C4DD27CBB6080027F59A /* DatabaseManager.swift in Sources */,
			);
			runOnlyForDeploymentPostprocessing = 0;
		};
/* End PBXSourcesBuildPhase section */

/* Begin PBXVariantGroup section */
		AC8E6EAB264E7CA3009A2A20 /* Main.storyboard */ = {
			isa = PBXVariantGroup;
			children = (
				AC8E6EAC264E7CA3009A2A20 /* Base */,
			);
			name = Main.storyboard;
			sourceTree = "<group>";
		};
		AC8E6EB0264E7CA5009A2A20 /* LaunchScreen.storyboard */ = {
			isa = PBXVariantGroup;
			children = (
				AC8E6EB1264E7CA5009A2A20 /* Base */,
			);
			name = LaunchScreen.storyboard;
			sourceTree = "<group>";
		};
/* End PBXVariantGroup section */

/* Begin XCBuildConfiguration section */
		AC8E6EB4264E7CA5009A2A20 /* Debug */ = {
			isa = XCBuildConfiguration;
			buildSettings = {
				ALWAYS_SEARCH_USER_PATHS = NO;
				CLANG_ANALYZER_NONNULL = YES;
				CLANG_ANALYZER_NUMBER_OBJECT_CONVERSION = YES_AGGRESSIVE;
				CLANG_CXX_LANGUAGE_STANDARD = "gnu++14";
				CLANG_CXX_LIBRARY = "libc++";
				CLANG_ENABLE_MODULES = YES;
				CLANG_ENABLE_OBJC_ARC = YES;
				CLANG_ENABLE_OBJC_WEAK = YES;
				CLANG_WARN_BLOCK_CAPTURE_AUTORELEASING = YES;
				CLANG_WARN_BOOL_CONVERSION = YES;
				CLANG_WARN_COMMA = YES;
				CLANG_WARN_CONSTANT_CONVERSION = YES;
				CLANG_WARN_DEPRECATED_OBJC_IMPLEMENTATIONS = YES;
				CLANG_WARN_DIRECT_OBJC_ISA_USAGE = YES_ERROR;
				CLANG_WARN_DOCUMENTATION_COMMENTS = YES;
				CLANG_WARN_EMPTY_BODY = YES;
				CLANG_WARN_ENUM_CONVERSION = YES;
				CLANG_WARN_INFINITE_RECURSION = YES;
				CLANG_WARN_INT_CONVERSION = YES;
				CLANG_WARN_NON_LITERAL_NULL_CONVERSION = YES;
				CLANG_WARN_OBJC_IMPLICIT_RETAIN_SELF = YES;
				CLANG_WARN_OBJC_LITERAL_CONVERSION = YES;
				CLANG_WARN_OBJC_ROOT_CLASS = YES_ERROR;
				CLANG_WARN_QUOTED_INCLUDE_IN_FRAMEWORK_HEADER = YES;
				CLANG_WARN_RANGE_LOOP_ANALYSIS = YES;
				CLANG_WARN_STRICT_PROTOTYPES = YES;
				CLANG_WARN_SUSPICIOUS_MOVE = YES;
				CLANG_WARN_UNGUARDED_AVAILABILITY = YES_AGGRESSIVE;
				CLANG_WARN_UNREACHABLE_CODE = YES;
				CLANG_WARN__DUPLICATE_METHOD_MATCH = YES;
				COPY_PHASE_STRIP = NO;
				DEBUG_INFORMATION_FORMAT = dwarf;
				ENABLE_STRICT_OBJC_MSGSEND = YES;
				ENABLE_TESTABILITY = YES;
				GCC_C_LANGUAGE_STANDARD = gnu11;
				GCC_DYNAMIC_NO_PIC = NO;
				GCC_NO_COMMON_BLOCKS = YES;
				GCC_OPTIMIZATION_LEVEL = 0;
				GCC_PREPROCESSOR_DEFINITIONS = (
					"DEBUG=1",
					"$(inherited)",
				);
				GCC_WARN_64_TO_32_BIT_CONVERSION = YES;
				GCC_WARN_ABOUT_RETURN_TYPE = YES_ERROR;
				GCC_WARN_UNDECLARED_SELECTOR = YES;
				GCC_WARN_UNINITIALIZED_AUTOS = YES_AGGRESSIVE;
				GCC_WARN_UNUSED_FUNCTION = YES;
				GCC_WARN_UNUSED_VARIABLE = YES;
				IPHONEOS_DEPLOYMENT_TARGET = 13.0;
				MTL_ENABLE_DEBUG_INFO = INCLUDE_SOURCE;
				MTL_FAST_MATH = YES;
				ONLY_ACTIVE_ARCH = YES;
				SDKROOT = iphoneos;
				SWIFT_ACTIVE_COMPILATION_CONDITIONS = DEBUG;
				SWIFT_OPTIMIZATION_LEVEL = "-Onone";
			};
			name = Debug;
		};
		AC8E6EB5264E7CA5009A2A20 /* Release */ = {
			isa = XCBuildConfiguration;
			buildSettings = {
				ALWAYS_SEARCH_USER_PATHS = NO;
				CLANG_ANALYZER_NONNULL = YES;
				CLANG_ANALYZER_NUMBER_OBJECT_CONVERSION = YES_AGGRESSIVE;
				CLANG_CXX_LANGUAGE_STANDARD = "gnu++14";
				CLANG_CXX_LIBRARY = "libc++";
				CLANG_ENABLE_MODULES = YES;
				CLANG_ENABLE_OBJC_ARC = YES;
				CLANG_ENABLE_OBJC_WEAK = YES;
				CLANG_WARN_BLOCK_CAPTURE_AUTORELEASING = YES;
				CLANG_WARN_BOOL_CONVERSION = YES;
				CLANG_WARN_COMMA = YES;
				CLANG_WARN_CONSTANT_CONVERSION = YES;
				CLANG_WARN_DEPRECATED_OBJC_IMPLEMENTATIONS = YES;
				CLANG_WARN_DIRECT_OBJC_ISA_USAGE = YES_ERROR;
				CLANG_WARN_DOCUMENTATION_COMMENTS = YES;
				CLANG_WARN_EMPTY_BODY = YES;
				CLANG_WARN_ENUM_CONVERSION = YES;
				CLANG_WARN_INFINITE_RECURSION = YES;
				CLANG_WARN_INT_CONVERSION = YES;
				CLANG_WARN_NON_LITERAL_NULL_CONVERSION = YES;
				CLANG_WARN_OBJC_IMPLICIT_RETAIN_SELF = YES;
				CLANG_WARN_OBJC_LITERAL_CONVERSION = YES;
				CLANG_WARN_OBJC_ROOT_CLASS = YES_ERROR;
				CLANG_WARN_QUOTED_INCLUDE_IN_FRAMEWORK_HEADER = YES;
				CLANG_WARN_RANGE_LOOP_ANALYSIS = YES;
				CLANG_WARN_STRICT_PROTOTYPES = YES;
				CLANG_WARN_SUSPICIOUS_MOVE = YES;
				CLANG_WARN_UNGUARDED_AVAILABILITY = YES_AGGRESSIVE;
				CLANG_WARN_UNREACHABLE_CODE = YES;
				CLANG_WARN__DUPLICATE_METHOD_MATCH = YES;
				COPY_PHASE_STRIP = NO;
				DEBUG_INFORMATION_FORMAT = "dwarf-with-dsym";
				ENABLE_NS_ASSERTIONS = NO;
				ENABLE_STRICT_OBJC_MSGSEND = YES;
				GCC_C_LANGUAGE_STANDARD = gnu11;
				GCC_NO_COMMON_BLOCKS = YES;
				GCC_WARN_64_TO_32_BIT_CONVERSION = YES;
				GCC_WARN_ABOUT_RETURN_TYPE = YES_ERROR;
				GCC_WARN_UNDECLARED_SELECTOR = YES;
				GCC_WARN_UNINITIALIZED_AUTOS = YES_AGGRESSIVE;
				GCC_WARN_UNUSED_FUNCTION = YES;
				GCC_WARN_UNUSED_VARIABLE = YES;
				IPHONEOS_DEPLOYMENT_TARGET = 13.0;
				MTL_ENABLE_DEBUG_INFO = NO;
				MTL_FAST_MATH = YES;
				SDKROOT = iphoneos;
				SWIFT_COMPILATION_MODE = wholemodule;
				SWIFT_OPTIMIZATION_LEVEL = "-O";
				VALIDATE_PRODUCT = YES;
			};
			name = Release;
		};
		AC8E6EB7264E7CA5009A2A20 /* Debug */ = {
			isa = XCBuildConfiguration;
			baseConfigurationReference = 0DFBA5A35104DAD62A86EB28 /* Pods-BlackstarShopMVP.debug.xcconfig */;
			buildSettings = {
				ASSETCATALOG_COMPILER_APPICON_NAME = AppIcon;
				ASSETCATALOG_COMPILER_GLOBAL_ACCENT_COLOR_NAME = AccentColor;
				CODE_SIGN_STYLE = Automatic;
				DEVELOPMENT_TEAM = MSVFBRY49T;
				INFOPLIST_FILE = BlackstarShopMVP/Resources/Info.plist;
				LD_RUNPATH_SEARCH_PATHS = (
					"$(inherited)",
					"@executable_path/Frameworks",
				);
				PRODUCT_BUNDLE_IDENTIFIER = com.igorNikiforov.BlackstarShopMVP;
				PRODUCT_NAME = "$(TARGET_NAME)";
				SWIFT_VERSION = 5.0;
				TARGETED_DEVICE_FAMILY = "1,2";
			};
			name = Debug;
		};
		AC8E6EB8264E7CA5009A2A20 /* Release */ = {
			isa = XCBuildConfiguration;
			baseConfigurationReference = 0971335D2A972317A2CD3CFC /* Pods-BlackstarShopMVP.release.xcconfig */;
			buildSettings = {
				ASSETCATALOG_COMPILER_APPICON_NAME = AppIcon;
				ASSETCATALOG_COMPILER_GLOBAL_ACCENT_COLOR_NAME = AccentColor;
				CODE_SIGN_STYLE = Automatic;
				DEVELOPMENT_TEAM = MSVFBRY49T;
				INFOPLIST_FILE = BlackstarShopMVP/Resources/Info.plist;
				LD_RUNPATH_SEARCH_PATHS = (
					"$(inherited)",
					"@executable_path/Frameworks",
				);
				PRODUCT_BUNDLE_IDENTIFIER = com.igorNikiforov.BlackstarShopMVP;
				PRODUCT_NAME = "$(TARGET_NAME)";
				SWIFT_VERSION = 5.0;
				TARGETED_DEVICE_FAMILY = "1,2";
			};
			name = Release;
		};
/* End XCBuildConfiguration section */

/* Begin XCConfigurationList section */
		AC8E6E9D264E7CA3009A2A20 /* Build configuration list for PBXProject "BlackstarShopMVP" */ = {
			isa = XCConfigurationList;
			buildConfigurations = (
				AC8E6EB4264E7CA5009A2A20 /* Debug */,
				AC8E6EB5264E7CA5009A2A20 /* Release */,
			);
			defaultConfigurationIsVisible = 0;
			defaultConfigurationName = Release;
		};
		AC8E6EB6264E7CA5009A2A20 /* Build configuration list for PBXNativeTarget "BlackstarShopMVP" */ = {
			isa = XCConfigurationList;
			buildConfigurations = (
				AC8E6EB7264E7CA5009A2A20 /* Debug */,
				AC8E6EB8264E7CA5009A2A20 /* Release */,
			);
			defaultConfigurationIsVisible = 0;
			defaultConfigurationName = Release;
		};
/* End XCConfigurationList section */
	};
	rootObject = AC8E6E9A264E7CA3009A2A20 /* Project object */;
}
