// !$*UTF8*$!
{
	archiveVersion = 1;
	classes = {
	};
	objectVersion = 51;
	objects = {

/* Begin PBXBuildFile section */
		9CB36D3E2355B71546D845E7 /* Pods_BlackstarShopMVP.framework in Frameworks */ = {isa = PBXBuildFile; fileRef = 83CD6F284C709F048ABD7219 /* Pods_BlackstarShopMVP.framework */; };
		AC8E6EA6264E7CA3009A2A20 /* AppDelegate.swift in Sources */ = {isa = PBXBuildFile; fileRef = AC8E6EA5264E7CA3009A2A20 /* AppDelegate.swift */; };
		AC8E6EA8264E7CA3009A2A20 /* SceneDelegate.swift in Sources */ = {isa = PBXBuildFile; fileRef = AC8E6EA7264E7CA3009A2A20 /* SceneDelegate.swift */; };
		AC8E6EAA264E7CA3009A2A20 /* ViewController.swift in Sources */ = {isa = PBXBuildFile; fileRef = AC8E6EA9264E7CA3009A2A20 /* ViewController.swift */; };
		AC8E6EAD264E7CA3009A2A20 /* Main.storyboard in Resources */ = {isa = PBXBuildFile; fileRef = AC8E6EAB264E7CA3009A2A20 /* Main.storyboard */; };
		AC8E6EAF264E7CA5009A2A20 /* Assets.xcassets in Resources */ = {isa = PBXBuildFile; fileRef = AC8E6EAE264E7CA5009A2A20 /* Assets.xcassets */; };
		AC8E6EB2264E7CA5009A2A20 /* LaunchScreen.storyboard in Resources */ = {isa = PBXBuildFile; fileRef = AC8E6EB0264E7CA5009A2A20 /* LaunchScreen.storyboard */; };
		AC930B0326514E1600DE5B2D /* MainTabBarController.swift in Sources */ = {isa = PBXBuildFile; fileRef = AC930B0226514E1600DE5B2D /* MainTabBarController.swift */; };
		AC930B0F2652CBF200DE5B2D /* R.generated.swift in Sources */ = {isa = PBXBuildFile; fileRef = AC930B0E2652CBF200DE5B2D /* R.generated.swift */; };
		AC930B2D2653ADFA00DE5B2D /* CategoryPresenter.swift in Sources */ = {isa = PBXBuildFile; fileRef = AC930B262653ADFA00DE5B2D /* CategoryPresenter.swift */; };
		AC930B2E2653ADFA00DE5B2D /* CategoryWorker.swift in Sources */ = {isa = PBXBuildFile; fileRef = AC930B272653ADFA00DE5B2D /* CategoryWorker.swift */; };
		AC930B2F2653ADFA00DE5B2D /* CategoryRouter.swift in Sources */ = {isa = PBXBuildFile; fileRef = AC930B282653ADFA00DE5B2D /* CategoryRouter.swift */; };
		AC930B302653ADFA00DE5B2D /* CategoryModels.swift in Sources */ = {isa = PBXBuildFile; fileRef = AC930B292653ADFA00DE5B2D /* CategoryModels.swift */; };
		AC930B312653ADFA00DE5B2D /* CategoryViewController.swift in Sources */ = {isa = PBXBuildFile; fileRef = AC930B2A2653ADFA00DE5B2D /* CategoryViewController.swift */; };
		AC930B322653ADFA00DE5B2D /* CategoryInteractor.swift in Sources */ = {isa = PBXBuildFile; fileRef = AC930B2B2653ADFA00DE5B2D /* CategoryInteractor.swift */; };
		AC930B332653ADFA00DE5B2D /* CategoryViewController.xib in Resources */ = {isa = PBXBuildFile; fileRef = AC930B2C2653ADFA00DE5B2D /* CategoryViewController.xib */; };
		AC930B392653F55600DE5B2D /* CategoryCell.swift in Sources */ = {isa = PBXBuildFile; fileRef = AC930B372653F55600DE5B2D /* CategoryCell.swift */; };
		AC930B3A2653F55600DE5B2D /* CategoryCell.xib in Resources */ = {isa = PBXBuildFile; fileRef = AC930B382653F55600DE5B2D /* CategoryCell.xib */; };
		AC930B432655164100DE5B2D /* SF-Pro-Display-Medium.otf in Resources */ = {isa = PBXBuildFile; fileRef = AC930B3C2655164000DE5B2D /* SF-Pro-Display-Medium.otf */; };
		AC930B442655164100DE5B2D /* SF-Pro-Display-Bold.otf in Resources */ = {isa = PBXBuildFile; fileRef = AC930B3D2655164000DE5B2D /* SF-Pro-Display-Bold.otf */; };
		AC930B452655164100DE5B2D /* SF-Pro-Display-Semibold.otf in Resources */ = {isa = PBXBuildFile; fileRef = AC930B3E2655164000DE5B2D /* SF-Pro-Display-Semibold.otf */; };
		AC930B462655164100DE5B2D /* SF-Pro-Display-Regular.otf in Resources */ = {isa = PBXBuildFile; fileRef = AC930B3F2655164000DE5B2D /* SF-Pro-Display-Regular.otf */; };
		AC930B472655164100DE5B2D /* SF-Pro-Text-Light.otf in Resources */ = {isa = PBXBuildFile; fileRef = AC930B402655164100DE5B2D /* SF-Pro-Text-Light.otf */; };
		AC930B482655164100DE5B2D /* SF-Pro-Text-Semibold.otf in Resources */ = {isa = PBXBuildFile; fileRef = AC930B412655164100DE5B2D /* SF-Pro-Text-Semibold.otf */; };
		AC930B492655164100DE5B2D /* SF-Pro-Text-Regular.otf in Resources */ = {isa = PBXBuildFile; fileRef = AC930B422655164100DE5B2D /* SF-Pro-Text-Regular.otf */; };
		AC930B4C265521E400DE5B2D /* UIImageView.swift in Sources */ = {isa = PBXBuildFile; fileRef = AC930B4B265521E400DE5B2D /* UIImageView.swift */; };
/* End PBXBuildFile section */

/* Begin PBXFileReference section */
		0FF07D21F1AC29BBB9DC9499 /* Pods-BlackstarShopMVP.release.xcconfig */ = {isa = PBXFileReference; includeInIndex = 1; lastKnownFileType = text.xcconfig; name = "Pods-BlackstarShopMVP.release.xcconfig"; path = "Target Support Files/Pods-BlackstarShopMVP/Pods-BlackstarShopMVP.release.xcconfig"; sourceTree = "<group>"; };
		4A053BE3BBF04BE091CB9E3F /* Pods-BlackstarShopMVP.debug.xcconfig */ = {isa = PBXFileReference; includeInIndex = 1; lastKnownFileType = text.xcconfig; name = "Pods-BlackstarShopMVP.debug.xcconfig"; path = "Target Support Files/Pods-BlackstarShopMVP/Pods-BlackstarShopMVP.debug.xcconfig"; sourceTree = "<group>"; };
		83CD6F284C709F048ABD7219 /* Pods_BlackstarShopMVP.framework */ = {isa = PBXFileReference; explicitFileType = wrapper.framework; includeInIndex = 0; path = Pods_BlackstarShopMVP.framework; sourceTree = BUILT_PRODUCTS_DIR; };
		AC8E6EA2264E7CA3009A2A20 /* BlackstarShopMVP.app */ = {isa = PBXFileReference; explicitFileType = wrapper.application; includeInIndex = 0; path = BlackstarShopMVP.app; sourceTree = BUILT_PRODUCTS_DIR; };
		AC8E6EA5264E7CA3009A2A20 /* AppDelegate.swift */ = {isa = PBXFileReference; lastKnownFileType = sourcecode.swift; path = AppDelegate.swift; sourceTree = "<group>"; };
		AC8E6EA7264E7CA3009A2A20 /* SceneDelegate.swift */ = {isa = PBXFileReference; lastKnownFileType = sourcecode.swift; path = SceneDelegate.swift; sourceTree = "<group>"; };
		AC8E6EA9264E7CA3009A2A20 /* ViewController.swift */ = {isa = PBXFileReference; lastKnownFileType = sourcecode.swift; path = ViewController.swift; sourceTree = "<group>"; };
		AC8E6EAC264E7CA3009A2A20 /* Base */ = {isa = PBXFileReference; lastKnownFileType = file.storyboard; name = Base; path = Base.lproj/Main.storyboard; sourceTree = "<group>"; };
		AC8E6EAE264E7CA5009A2A20 /* Assets.xcassets */ = {isa = PBXFileReference; lastKnownFileType = folder.assetcatalog; path = Assets.xcassets; sourceTree = "<group>"; };
		AC8E6EB1264E7CA5009A2A20 /* Base */ = {isa = PBXFileReference; lastKnownFileType = file.storyboard; name = Base; path = Base.lproj/LaunchScreen.storyboard; sourceTree = "<group>"; };
		AC8E6EB3264E7CA5009A2A20 /* Info.plist */ = {isa = PBXFileReference; lastKnownFileType = text.plist.xml; path = Info.plist; sourceTree = "<group>"; };
		AC930B0226514E1600DE5B2D /* MainTabBarController.swift */ = {isa = PBXFileReference; lastKnownFileType = sourcecode.swift; path = MainTabBarController.swift; sourceTree = "<group>"; };
		AC930B0E2652CBF200DE5B2D /* R.generated.swift */ = {isa = PBXFileReference; fileEncoding = 4; lastKnownFileType = sourcecode.swift; path = R.generated.swift; sourceTree = "<group>"; };
		AC930B262653ADFA00DE5B2D /* CategoryPresenter.swift */ = {isa = PBXFileReference; lastKnownFileType = sourcecode.swift; path = CategoryPresenter.swift; sourceTree = "<group>"; };
		AC930B272653ADFA00DE5B2D /* CategoryWorker.swift */ = {isa = PBXFileReference; lastKnownFileType = sourcecode.swift; path = CategoryWorker.swift; sourceTree = "<group>"; };
		AC930B282653ADFA00DE5B2D /* CategoryRouter.swift */ = {isa = PBXFileReference; lastKnownFileType = sourcecode.swift; path = CategoryRouter.swift; sourceTree = "<group>"; };
		AC930B292653ADFA00DE5B2D /* CategoryModels.swift */ = {isa = PBXFileReference; lastKnownFileType = sourcecode.swift; path = CategoryModels.swift; sourceTree = "<group>"; };
		AC930B2A2653ADFA00DE5B2D /* CategoryViewController.swift */ = {isa = PBXFileReference; lastKnownFileType = sourcecode.swift; path = CategoryViewController.swift; sourceTree = "<group>"; };
		AC930B2B2653ADFA00DE5B2D /* CategoryInteractor.swift */ = {isa = PBXFileReference; lastKnownFileType = sourcecode.swift; path = CategoryInteractor.swift; sourceTree = "<group>"; };
		AC930B2C2653ADFA00DE5B2D /* CategoryViewController.xib */ = {isa = PBXFileReference; lastKnownFileType = file.xib; path = CategoryViewController.xib; sourceTree = "<group>"; };
		AC930B372653F55600DE5B2D /* CategoryCell.swift */ = {isa = PBXFileReference; lastKnownFileType = sourcecode.swift; path = CategoryCell.swift; sourceTree = "<group>"; };
		AC930B382653F55600DE5B2D /* CategoryCell.xib */ = {isa = PBXFileReference; lastKnownFileType = file.xib; path = CategoryCell.xib; sourceTree = "<group>"; };
		AC930B3C2655164000DE5B2D /* SF-Pro-Display-Medium.otf */ = {isa = PBXFileReference; lastKnownFileType = file; path = "SF-Pro-Display-Medium.otf"; sourceTree = "<group>"; };
		AC930B3D2655164000DE5B2D /* SF-Pro-Display-Bold.otf */ = {isa = PBXFileReference; lastKnownFileType = file; path = "SF-Pro-Display-Bold.otf"; sourceTree = "<group>"; };
		AC930B3E2655164000DE5B2D /* SF-Pro-Display-Semibold.otf */ = {isa = PBXFileReference; lastKnownFileType = file; path = "SF-Pro-Display-Semibold.otf"; sourceTree = "<group>"; };
		AC930B3F2655164000DE5B2D /* SF-Pro-Display-Regular.otf */ = {isa = PBXFileReference; lastKnownFileType = file; path = "SF-Pro-Display-Regular.otf"; sourceTree = "<group>"; };
		AC930B402655164100DE5B2D /* SF-Pro-Text-Light.otf */ = {isa = PBXFileReference; lastKnownFileType = file; path = "SF-Pro-Text-Light.otf"; sourceTree = "<group>"; };
		AC930B412655164100DE5B2D /* SF-Pro-Text-Semibold.otf */ = {isa = PBXFileReference; lastKnownFileType = file; path = "SF-Pro-Text-Semibold.otf"; sourceTree = "<group>"; };
		AC930B422655164100DE5B2D /* SF-Pro-Text-Regular.otf */ = {isa = PBXFileReference; lastKnownFileType = file; path = "SF-Pro-Text-Regular.otf"; sourceTree = "<group>"; };
		AC930B4B265521E400DE5B2D /* UIImageView.swift */ = {isa = PBXFileReference; lastKnownFileType = sourcecode.swift; path = UIImageView.swift; sourceTree = "<group>"; };
/* End PBXFileReference section */

/* Begin PBXFrameworksBuildPhase section */
		AC8E6E9F264E7CA3009A2A20 /* Frameworks */ = {
			isa = PBXFrameworksBuildPhase;
			buildActionMask = 2147483647;
			files = (
				9CB36D3E2355B71546D845E7 /* Pods_BlackstarShopMVP.framework in Frameworks */,
			);
			runOnlyForDeploymentPostprocessing = 0;
		};
/* End PBXFrameworksBuildPhase section */

/* Begin PBXGroup section */
		0B2A64972A86DCB72DB702A2 /* Frameworks */ = {
			isa = PBXGroup;
			children = (
				83CD6F284C709F048ABD7219 /* Pods_BlackstarShopMVP.framework */,
			);
			name = Frameworks;
			sourceTree = "<group>";
		};
		671CAF2EE1296E488C49CFB1 /* Pods */ = {
			isa = PBXGroup;
			children = (
				4A053BE3BBF04BE091CB9E3F /* Pods-BlackstarShopMVP.debug.xcconfig */,
				0FF07D21F1AC29BBB9DC9499 /* Pods-BlackstarShopMVP.release.xcconfig */,
			);
			path = Pods;
			sourceTree = "<group>";
		};
		AC8E6E99264E7CA3009A2A20 = {
			isa = PBXGroup;
			children = (
				AC8E6EA4264E7CA3009A2A20 /* BlackstarShopMVP */,
				AC8E6EA3264E7CA3009A2A20 /* Products */,
				671CAF2EE1296E488C49CFB1 /* Pods */,
				0B2A64972A86DCB72DB702A2 /* Frameworks */,
			);
			sourceTree = "<group>";
		};
		AC8E6EA3264E7CA3009A2A20 /* Products */ = {
			isa = PBXGroup;
			children = (
				AC8E6EA2264E7CA3009A2A20 /* BlackstarShopMVP.app */,
			);
			name = Products;
			sourceTree = "<group>";
		};
		AC8E6EA4264E7CA3009A2A20 /* BlackstarShopMVP */ = {
			isa = PBXGroup;
			children = (
				AC930AF826514AF200DE5B2D /* Application */,
				AC930B4A265521BD00DE5B2D /* Extensions */,
				AC930AFB26514B7900DE5B2D /* Views */,
				AC930AFA26514B6F00DE5B2D /* Scenes */,
				AC8E6EA9264E7CA3009A2A20 /* ViewController.swift */,
				AC8E6EAB264E7CA3009A2A20 /* Main.storyboard */,
				AC930AF926514B1E00DE5B2D /* Resources */,
			);
			path = BlackstarShopMVP;
			sourceTree = "<group>";
		};
		AC930AF826514AF200DE5B2D /* Application */ = {
			isa = PBXGroup;
			children = (
				AC8E6EB0264E7CA5009A2A20 /* LaunchScreen.storyboard */,
				AC8E6EA5264E7CA3009A2A20 /* AppDelegate.swift */,
				AC8E6EA7264E7CA3009A2A20 /* SceneDelegate.swift */,
			);
			path = Application;
			sourceTree = "<group>";
		};
		AC930AF926514B1E00DE5B2D /* Resources */ = {
			isa = PBXGroup;
			children = (
				AC930B3B2655160A00DE5B2D /* Fonts */,
				AC930B0E2652CBF200DE5B2D /* R.generated.swift */,
				AC8E6EAE264E7CA5009A2A20 /* Assets.xcassets */,
				AC8E6EB3264E7CA5009A2A20 /* Info.plist */,
			);
			path = Resources;
			sourceTree = "<group>";
		};
		AC930AFA26514B6F00DE5B2D /* Scenes */ = {
			isa = PBXGroup;
			children = (
				AC930AFC26514C7C00DE5B2D /* MainTabBar */,
				AC930AFD26514CB900DE5B2D /* Сategory */,
				AC930AFE26514CFA00DE5B2D /* Subcategory */,
				AC930AFF26514D3500DE5B2D /* Product */,
				AC930B0026514D7C00DE5B2D /* ProductDetails */,
				AC930B0126514DA900DE5B2D /* Basket */,
			);
			path = Scenes;
			sourceTree = "<group>";
		};
		AC930AFB26514B7900DE5B2D /* Views */ = {
			isa = PBXGroup;
			children = (
				AC930B342653F51200DE5B2D /* Сategory */,
			);
			path = Views;
			sourceTree = "<group>";
		};
		AC930AFC26514C7C00DE5B2D /* MainTabBar */ = {
			isa = PBXGroup;
			children = (
				AC930B0226514E1600DE5B2D /* MainTabBarController.swift */,
			);
			path = MainTabBar;
			sourceTree = "<group>";
		};
		AC930AFD26514CB900DE5B2D /* Сategory */ = {
			isa = PBXGroup;
			children = (
				AC930B2C2653ADFA00DE5B2D /* CategoryViewController.xib */,
				AC930B292653ADFA00DE5B2D /* CategoryModels.swift */,
				AC930B2A2653ADFA00DE5B2D /* CategoryViewController.swift */,
				AC930B2B2653ADFA00DE5B2D /* CategoryInteractor.swift */,
				AC930B262653ADFA00DE5B2D /* CategoryPresenter.swift */,
				AC930B272653ADFA00DE5B2D /* CategoryWorker.swift */,
				AC930B282653ADFA00DE5B2D /* CategoryRouter.swift */,
			);
			path = "Сategory";
			sourceTree = "<group>";
		};
		AC930AFE26514CFA00DE5B2D /* Subcategory */ = {
			isa = PBXGroup;
			children = (
			);
			path = Subcategory;
			sourceTree = "<group>";
		};
		AC930AFF26514D3500DE5B2D /* Product */ = {
			isa = PBXGroup;
			children = (
			);
			path = Product;
			sourceTree = "<group>";
		};
		AC930B0026514D7C00DE5B2D /* ProductDetails */ = {
			isa = PBXGroup;
			children = (
			);
			path = ProductDetails;
			sourceTree = "<group>";
		};
		AC930B0126514DA900DE5B2D /* Basket */ = {
			isa = PBXGroup;
			children = (
			);
			path = Basket;
			sourceTree = "<group>";
		};
		AC930B342653F51200DE5B2D /* Сategory */ = {
			isa = PBXGroup;
			children = (
				AC930B372653F55600DE5B2D /* CategoryCell.swift */,
				AC930B382653F55600DE5B2D /* CategoryCell.xib */,
			);
			path = "Сategory";
			sourceTree = "<group>";
		};
		AC930B3B2655160A00DE5B2D /* Fonts */ = {
			isa = PBXGroup;
			children = (
				AC930B3C2655164000DE5B2D /* SF-Pro-Display-Medium.otf */,
				AC930B3F2655164000DE5B2D /* SF-Pro-Display-Regular.otf */,
				AC930B3E2655164000DE5B2D /* SF-Pro-Display-Semibold.otf */,
				AC930B402655164100DE5B2D /* SF-Pro-Text-Light.otf */,
				AC930B422655164100DE5B2D /* SF-Pro-Text-Regular.otf */,
				AC930B412655164100DE5B2D /* SF-Pro-Text-Semibold.otf */,
				AC930B3D2655164000DE5B2D /* SF-Pro-Display-Bold.otf */,
			);
			path = Fonts;
			sourceTree = "<group>";
		};
		AC930B4A265521BD00DE5B2D /* Extensions */ = {
			isa = PBXGroup;
			children = (
				AC930B4B265521E400DE5B2D /* UIImageView.swift */,
			);
			path = Extensions;
			sourceTree = "<group>";
		};
/* End PBXGroup section */

/* Begin PBXNativeTarget section */
		AC8E6EA1264E7CA3009A2A20 /* BlackstarShopMVP */ = {
			isa = PBXNativeTarget;
			buildConfigurationList = AC8E6EB6264E7CA5009A2A20 /* Build configuration list for PBXNativeTarget "BlackstarShopMVP" */;
			buildPhases = (
				4309D45239C82696C8A7D088 /* [CP] Check Pods Manifest.lock */,
				AC930B062652A20900DE5B2D /* Swift Lint */,
				AC930B072652BD9900DE5B2D /* R.swift */,
				AC8E6E9E264E7CA3009A2A20 /* Sources */,
				AC8E6E9F264E7CA3009A2A20 /* Frameworks */,
				AC8E6EA0264E7CA3009A2A20 /* Resources */,
				6BC8DE5E07A8807E4A367E3F /* [CP] Embed Pods Frameworks */,
			);
			buildRules = (
			);
			dependencies = (
			);
			name = BlackstarShopMVP;
			productName = BlackstarShopMVP;
			productReference = AC8E6EA2264E7CA3009A2A20 /* BlackstarShopMVP.app */;
			productType = "com.apple.product-type.application";
		};
/* End PBXNativeTarget section */

/* Begin PBXProject section */
		AC8E6E9A264E7CA3009A2A20 /* Project object */ = {
			isa = PBXProject;
			attributes = {
				LastSwiftUpdateCheck = 1250;
				LastUpgradeCheck = 1250;
				TargetAttributes = {
					AC8E6EA1264E7CA3009A2A20 = {
						CreatedOnToolsVersion = 12.5;
					};
				};
			};
			buildConfigurationList = AC8E6E9D264E7CA3009A2A20 /* Build configuration list for PBXProject "BlackstarShopMVP" */;
			compatibilityVersion = "Xcode 9.3";
			developmentRegion = en;
			hasScannedForEncodings = 0;
			knownRegions = (
				en,
				Base,
			);
			mainGroup = AC8E6E99264E7CA3009A2A20;
			productRefGroup = AC8E6EA3264E7CA3009A2A20 /* Products */;
			projectDirPath = "";
			projectRoot = "";
			targets = (
				AC8E6EA1264E7CA3009A2A20 /* BlackstarShopMVP */,
			);
		};
/* End PBXProject section */

/* Begin PBXResourcesBuildPhase section */
		AC8E6EA0264E7CA3009A2A20 /* Resources */ = {
			isa = PBXResourcesBuildPhase;
			buildActionMask = 2147483647;
			files = (
				AC930B452655164100DE5B2D /* SF-Pro-Display-Semibold.otf in Resources */,
				AC930B432655164100DE5B2D /* SF-Pro-Display-Medium.otf in Resources */,
				AC930B3A2653F55600DE5B2D /* CategoryCell.xib in Resources */,
				AC930B332653ADFA00DE5B2D /* CategoryViewController.xib in Resources */,
				AC930B472655164100DE5B2D /* SF-Pro-Text-Light.otf in Resources */,
				AC8E6EB2264E7CA5009A2A20 /* LaunchScreen.storyboard in Resources */,
				AC930B492655164100DE5B2D /* SF-Pro-Text-Regular.otf in Resources */,
				AC8E6EAF264E7CA5009A2A20 /* Assets.xcassets in Resources */,
				AC8E6EAD264E7CA3009A2A20 /* Main.storyboard in Resources */,
				AC930B482655164100DE5B2D /* SF-Pro-Text-Semibold.otf in Resources */,
				AC930B462655164100DE5B2D /* SF-Pro-Display-Regular.otf in Resources */,
				AC930B442655164100DE5B2D /* SF-Pro-Display-Bold.otf in Resources */,
			);
			runOnlyForDeploymentPostprocessing = 0;
		};
/* End PBXResourcesBuildPhase section */

/* Begin PBXShellScriptBuildPhase section */
		4309D45239C82696C8A7D088 /* [CP] Check Pods Manifest.lock */ = {
			isa = PBXShellScriptBuildPhase;
			buildActionMask = 2147483647;
			files = (
			);
			inputFileListPaths = (
			);
			inputPaths = (
				"${PODS_PODFILE_DIR_PATH}/Podfile.lock",
				"${PODS_ROOT}/Manifest.lock",
			);
			name = "[CP] Check Pods Manifest.lock";
			outputFileListPaths = (
			);
			outputPaths = (
				"$(DERIVED_FILE_DIR)/Pods-BlackstarShopMVP-checkManifestLockResult.txt",
			);
			runOnlyForDeploymentPostprocessing = 0;
			shellPath = /bin/sh;
			shellScript = "diff \"${PODS_PODFILE_DIR_PATH}/Podfile.lock\" \"${PODS_ROOT}/Manifest.lock\" > /dev/null\nif [ $? != 0 ] ; then\n    # print error to STDERR\n    echo \"error: The sandbox is not in sync with the Podfile.lock. Run 'pod install' or update your CocoaPods installation.\" >&2\n    exit 1\nfi\n# This output is used by Xcode 'outputs' to avoid re-running this script phase.\necho \"SUCCESS\" > \"${SCRIPT_OUTPUT_FILE_0}\"\n";
			showEnvVarsInLog = 0;
		};
		6BC8DE5E07A8807E4A367E3F /* [CP] Embed Pods Frameworks */ = {
			isa = PBXShellScriptBuildPhase;
			buildActionMask = 2147483647;
			files = (
			);
			inputFileListPaths = (
				"${PODS_ROOT}/Target Support Files/Pods-BlackstarShopMVP/Pods-BlackstarShopMVP-frameworks-${CONFIGURATION}-input-files.xcfilelist",
			);
			name = "[CP] Embed Pods Frameworks";
			outputFileListPaths = (
				"${PODS_ROOT}/Target Support Files/Pods-BlackstarShopMVP/Pods-BlackstarShopMVP-frameworks-${CONFIGURATION}-output-files.xcfilelist",
			);
			runOnlyForDeploymentPostprocessing = 0;
			shellPath = /bin/sh;
			shellScript = "\"${PODS_ROOT}/Target Support Files/Pods-BlackstarShopMVP/Pods-BlackstarShopMVP-frameworks.sh\"\n";
			showEnvVarsInLog = 0;
		};
		AC930B062652A20900DE5B2D /* Swift Lint */ = {
			isa = PBXShellScriptBuildPhase;
			buildActionMask = 2147483647;
			files = (
			);
			inputFileListPaths = (
			);
			inputPaths = (
			);
			name = "Swift Lint";
			outputFileListPaths = (
			);
			outputPaths = (
			);
			runOnlyForDeploymentPostprocessing = 0;
			shellPath = /bin/sh;
			shellScript = "# Type a script or drag a script file from your workspace to insert its path.\nif which swiftlint >/dev/null; then\n  swiftlint\nelse\n  echo \"warning: SwiftLint not installed, download from https://github.com/realm/SwiftLint\"\nfi\n";
		};
		AC930B072652BD9900DE5B2D /* R.swift */ = {
			isa = PBXShellScriptBuildPhase;
			buildActionMask = 2147483647;
			files = (
			);
			inputFileListPaths = (
			);
			inputPaths = (
				"$TEMP_DIR/rswift-lastrun",
			);
			name = R.swift;
			outputFileListPaths = (
			);
			outputPaths = (
				$SRCROOT/$PROJECT_NAME/Resources/R.generated.swift,
			);
			runOnlyForDeploymentPostprocessing = 0;
			shellPath = /bin/sh;
			shellScript = "\"$PODS_ROOT/R.swift/rswift\" generate \"$SRCROOT/$PROJECT_NAME/Resources/R.generated.swift\"\n";
		};
/* End PBXShellScriptBuildPhase section */

/* Begin PBXSourcesBuildPhase section */
		AC8E6E9E264E7CA3009A2A20 /* Sources */ = {
			isa = PBXSourcesBuildPhase;
			buildActionMask = 2147483647;
			files = (
				AC930B322653ADFA00DE5B2D /* CategoryInteractor.swift in Sources */,
				AC930B312653ADFA00DE5B2D /* CategoryViewController.swift in Sources */,
				AC930B2E2653ADFA00DE5B2D /* CategoryWorker.swift in Sources */,
				AC930B4C265521E400DE5B2D /* UIImageView.swift in Sources */,
				AC8E6EAA264E7CA3009A2A20 /* ViewController.swift in Sources */,
				AC8E6EA6264E7CA3009A2A20 /* AppDelegate.swift in Sources */,
				AC930B0F2652CBF200DE5B2D /* R.generated.swift in Sources */,
				AC930B0326514E1600DE5B2D /* MainTabBarController.swift in Sources */,
				AC930B2D2653ADFA00DE5B2D /* CategoryPresenter.swift in Sources */,
				AC930B302653ADFA00DE5B2D /* CategoryModels.swift in Sources */,
				AC930B2F2653ADFA00DE5B2D /* CategoryRouter.swift in Sources */,
				AC8E6EA8264E7CA3009A2A20 /* SceneDelegate.swift in Sources */,
				AC930B392653F55600DE5B2D /* CategoryCell.swift in Sources */,
			);
			runOnlyForDeploymentPostprocessing = 0;
		};
/* End PBXSourcesBuildPhase section */

/* Begin PBXVariantGroup section */
		AC8E6EAB264E7CA3009A2A20 /* Main.storyboard */ = {
			isa = PBXVariantGroup;
			children = (
				AC8E6EAC264E7CA3009A2A20 /* Base */,
			);
			name = Main.storyboard;
			sourceTree = "<group>";
		};
		AC8E6EB0264E7CA5009A2A20 /* LaunchScreen.storyboard */ = {
			isa = PBXVariantGroup;
			children = (
				AC8E6EB1264E7CA5009A2A20 /* Base */,
			);
			name = LaunchScreen.storyboard;
			sourceTree = "<group>";
		};
/* End PBXVariantGroup section */

/* Begin XCBuildConfiguration section */
		AC8E6EB4264E7CA5009A2A20 /* Debug */ = {
			isa = XCBuildConfiguration;
			buildSettings = {
				ALWAYS_SEARCH_USER_PATHS = NO;
				CLANG_ANALYZER_NONNULL = YES;
				CLANG_ANALYZER_NUMBER_OBJECT_CONVERSION = YES_AGGRESSIVE;
				CLANG_CXX_LANGUAGE_STANDARD = "gnu++14";
				CLANG_CXX_LIBRARY = "libc++";
				CLANG_ENABLE_MODULES = YES;
				CLANG_ENABLE_OBJC_ARC = YES;
				CLANG_ENABLE_OBJC_WEAK = YES;
				CLANG_WARN_BLOCK_CAPTURE_AUTORELEASING = YES;
				CLANG_WARN_BOOL_CONVERSION = YES;
				CLANG_WARN_COMMA = YES;
				CLANG_WARN_CONSTANT_CONVERSION = YES;
				CLANG_WARN_DEPRECATED_OBJC_IMPLEMENTATIONS = YES;
				CLANG_WARN_DIRECT_OBJC_ISA_USAGE = YES_ERROR;
				CLANG_WARN_DOCUMENTATION_COMMENTS = YES;
				CLANG_WARN_EMPTY_BODY = YES;
				CLANG_WARN_ENUM_CONVERSION = YES;
				CLANG_WARN_INFINITE_RECURSION = YES;
				CLANG_WARN_INT_CONVERSION = YES;
				CLANG_WARN_NON_LITERAL_NULL_CONVERSION = YES;
				CLANG_WARN_OBJC_IMPLICIT_RETAIN_SELF = YES;
				CLANG_WARN_OBJC_LITERAL_CONVERSION = YES;
				CLANG_WARN_OBJC_ROOT_CLASS = YES_ERROR;
				CLANG_WARN_QUOTED_INCLUDE_IN_FRAMEWORK_HEADER = YES;
				CLANG_WARN_RANGE_LOOP_ANALYSIS = YES;
				CLANG_WARN_STRICT_PROTOTYPES = YES;
				CLANG_WARN_SUSPICIOUS_MOVE = YES;
				CLANG_WARN_UNGUARDED_AVAILABILITY = YES_AGGRESSIVE;
				CLANG_WARN_UNREACHABLE_CODE = YES;
				CLANG_WARN__DUPLICATE_METHOD_MATCH = YES;
				COPY_PHASE_STRIP = NO;
				DEBUG_INFORMATION_FORMAT = dwarf;
				ENABLE_STRICT_OBJC_MSGSEND = YES;
				ENABLE_TESTABILITY = YES;
				GCC_C_LANGUAGE_STANDARD = gnu11;
				GCC_DYNAMIC_NO_PIC = NO;
				GCC_NO_COMMON_BLOCKS = YES;
				GCC_OPTIMIZATION_LEVEL = 0;
				GCC_PREPROCESSOR_DEFINITIONS = (
					"DEBUG=1",
					"$(inherited)",
				);
				GCC_WARN_64_TO_32_BIT_CONVERSION = YES;
				GCC_WARN_ABOUT_RETURN_TYPE = YES_ERROR;
				GCC_WARN_UNDECLARED_SELECTOR = YES;
				GCC_WARN_UNINITIALIZED_AUTOS = YES_AGGRESSIVE;
				GCC_WARN_UNUSED_FUNCTION = YES;
				GCC_WARN_UNUSED_VARIABLE = YES;
				IPHONEOS_DEPLOYMENT_TARGET = 13.0;
				MTL_ENABLE_DEBUG_INFO = INCLUDE_SOURCE;
				MTL_FAST_MATH = YES;
				ONLY_ACTIVE_ARCH = YES;
				SDKROOT = iphoneos;
				SWIFT_ACTIVE_COMPILATION_CONDITIONS = DEBUG;
				SWIFT_OPTIMIZATION_LEVEL = "-Onone";
			};
			name = Debug;
		};
		AC8E6EB5264E7CA5009A2A20 /* Release */ = {
			isa = XCBuildConfiguration;
			buildSettings = {
				ALWAYS_SEARCH_USER_PATHS = NO;
				CLANG_ANALYZER_NONNULL = YES;
				CLANG_ANALYZER_NUMBER_OBJECT_CONVERSION = YES_AGGRESSIVE;
				CLANG_CXX_LANGUAGE_STANDARD = "gnu++14";
				CLANG_CXX_LIBRARY = "libc++";
				CLANG_ENABLE_MODULES = YES;
				CLANG_ENABLE_OBJC_ARC = YES;
				CLANG_ENABLE_OBJC_WEAK = YES;
				CLANG_WARN_BLOCK_CAPTURE_AUTORELEASING = YES;
				CLANG_WARN_BOOL_CONVERSION = YES;
				CLANG_WARN_COMMA = YES;
				CLANG_WARN_CONSTANT_CONVERSION = YES;
				CLANG_WARN_DEPRECATED_OBJC_IMPLEMENTATIONS = YES;
				CLANG_WARN_DIRECT_OBJC_ISA_USAGE = YES_ERROR;
				CLANG_WARN_DOCUMENTATION_COMMENTS = YES;
				CLANG_WARN_EMPTY_BODY = YES;
				CLANG_WARN_ENUM_CONVERSION = YES;
				CLANG_WARN_INFINITE_RECURSION = YES;
				CLANG_WARN_INT_CONVERSION = YES;
				CLANG_WARN_NON_LITERAL_NULL_CONVERSION = YES;
				CLANG_WARN_OBJC_IMPLICIT_RETAIN_SELF = YES;
				CLANG_WARN_OBJC_LITERAL_CONVERSION = YES;
				CLANG_WARN_OBJC_ROOT_CLASS = YES_ERROR;
				CLANG_WARN_QUOTED_INCLUDE_IN_FRAMEWORK_HEADER = YES;
				CLANG_WARN_RANGE_LOOP_ANALYSIS = YES;
				CLANG_WARN_STRICT_PROTOTYPES = YES;
				CLANG_WARN_SUSPICIOUS_MOVE = YES;
				CLANG_WARN_UNGUARDED_AVAILABILITY = YES_AGGRESSIVE;
				CLANG_WARN_UNREACHABLE_CODE = YES;
				CLANG_WARN__DUPLICATE_METHOD_MATCH = YES;
				COPY_PHASE_STRIP = NO;
				DEBUG_INFORMATION_FORMAT = "dwarf-with-dsym";
				ENABLE_NS_ASSERTIONS = NO;
				ENABLE_STRICT_OBJC_MSGSEND = YES;
				GCC_C_LANGUAGE_STANDARD = gnu11;
				GCC_NO_COMMON_BLOCKS = YES;
				GCC_WARN_64_TO_32_BIT_CONVERSION = YES;
				GCC_WARN_ABOUT_RETURN_TYPE = YES_ERROR;
				GCC_WARN_UNDECLARED_SELECTOR = YES;
				GCC_WARN_UNINITIALIZED_AUTOS = YES_AGGRESSIVE;
				GCC_WARN_UNUSED_FUNCTION = YES;
				GCC_WARN_UNUSED_VARIABLE = YES;
				IPHONEOS_DEPLOYMENT_TARGET = 13.0;
				MTL_ENABLE_DEBUG_INFO = NO;
				MTL_FAST_MATH = YES;
				SDKROOT = iphoneos;
				SWIFT_COMPILATION_MODE = wholemodule;
				SWIFT_OPTIMIZATION_LEVEL = "-O";
				VALIDATE_PRODUCT = YES;
			};
			name = Release;
		};
		AC8E6EB7264E7CA5009A2A20 /* Debug */ = {
			isa = XCBuildConfiguration;
			baseConfigurationReference = 4A053BE3BBF04BE091CB9E3F /* Pods-BlackstarShopMVP.debug.xcconfig */;
			buildSettings = {
				ASSETCATALOG_COMPILER_APPICON_NAME = AppIcon;
				ASSETCATALOG_COMPILER_GLOBAL_ACCENT_COLOR_NAME = AccentColor;
				CODE_SIGN_STYLE = Automatic;
				DEVELOPMENT_TEAM = MSVFBRY49T;
				INFOPLIST_FILE = BlackstarShopMVP/Resources/Info.plist;
				LD_RUNPATH_SEARCH_PATHS = (
					"$(inherited)",
					"@executable_path/Frameworks",
				);
				PRODUCT_BUNDLE_IDENTIFIER = com.igorNikiforov.BlackstarShopMVP;
				PRODUCT_NAME = "$(TARGET_NAME)";
				SWIFT_VERSION = 5.0;
				TARGETED_DEVICE_FAMILY = "1,2";
			};
			name = Debug;
		};
		AC8E6EB8264E7CA5009A2A20 /* Release */ = {
			isa = XCBuildConfiguration;
			baseConfigurationReference = 0FF07D21F1AC29BBB9DC9499 /* Pods-BlackstarShopMVP.release.xcconfig */;
			buildSettings = {
				ASSETCATALOG_COMPILER_APPICON_NAME = AppIcon;
				ASSETCATALOG_COMPILER_GLOBAL_ACCENT_COLOR_NAME = AccentColor;
				CODE_SIGN_STYLE = Automatic;
				DEVELOPMENT_TEAM = MSVFBRY49T;
				INFOPLIST_FILE = BlackstarShopMVP/Resources/Info.plist;
				LD_RUNPATH_SEARCH_PATHS = (
					"$(inherited)",
					"@executable_path/Frameworks",
				);
				PRODUCT_BUNDLE_IDENTIFIER = com.igorNikiforov.BlackstarShopMVP;
				PRODUCT_NAME = "$(TARGET_NAME)";
				SWIFT_VERSION = 5.0;
				TARGETED_DEVICE_FAMILY = "1,2";
			};
			name = Release;
		};
/* End XCBuildConfiguration section */

/* Begin XCConfigurationList section */
		AC8E6E9D264E7CA3009A2A20 /* Build configuration list for PBXProject "BlackstarShopMVP" */ = {
			isa = XCConfigurationList;
			buildConfigurations = (
				AC8E6EB4264E7CA5009A2A20 /* Debug */,
				AC8E6EB5264E7CA5009A2A20 /* Release */,
			);
			defaultConfigurationIsVisible = 0;
			defaultConfigurationName = Release;
		};
		AC8E6EB6264E7CA5009A2A20 /* Build configuration list for PBXNativeTarget "BlackstarShopMVP" */ = {
			isa = XCConfigurationList;
			buildConfigurations = (
				AC8E6EB7264E7CA5009A2A20 /* Debug */,
				AC8E6EB8264E7CA5009A2A20 /* Release */,
			);
			defaultConfigurationIsVisible = 0;
			defaultConfigurationName = Release;
		};
/* End XCConfigurationList section */
	};
	rootObject = AC8E6E9A264E7CA3009A2A20 /* Project object */;
}
